// !$*UTF8*$!
{
	archiveVersion = 1;
	classes = {
	};
	objectVersion = 46;
	objects = {
		D7BA7D76DAB5DD13389D6332 = {
			buildActionMask = 2147483647;
			files = (
				);
			generatedFileNames = (
				);
			isa = PBXShellScriptBuildPhase;
			name = "Qt Qmake";
			neededFileNames = (
				);
			shellPath = "/bin/sh";
			shellScript = "make -C /Users/carlgt1/projects/qcn/client/qcnlive -f qcnlive.xcodeproj/qt_makeqmake.mak";
		};
		5F02801ACF9C72A274A802D8 = {
			isa = PBXFileReference;
			name = "glwidget.cpp";
			path = "glwidget.cpp";
			refType = 4;
			sourceTree = "SOURCE_ROOT";
			lastKnownFileType = "sourcecode.cpp.cpp";
		};
		2E812FBC8E1A8F8CA0084814 = {
			fileRef = "5F02801ACF9C72A274A802D8";
			isa = PBXBuildFile;
			settings = {
				ATTRIBUTES = (
					);
			};
		};
		17F70FD7FAC30703194F950A = {
			isa = PBXFileReference;
			name = "qcnqt.cpp";
			path = "qcnqt.cpp";
			refType = 4;
			sourceTree = "SOURCE_ROOT";
			lastKnownFileType = "sourcecode.cpp.cpp";
		};
		F0FF6BCD7452D94EA0A7D4E4 = {
			fileRef = "17F70FD7FAC30703194F950A";
			isa = PBXBuildFile;
			settings = {
				ATTRIBUTES = (
					);
			};
		};
		AAC5D3BB2B45E06D7BEABBA5 = {
			isa = PBXFileReference;
			name = "myframe.cpp";
			path = "myframe.cpp";
			refType = 4;
			sourceTree = "SOURCE_ROOT";
			lastKnownFileType = "sourcecode.cpp.cpp";
		};
		55BAA308AFB2B93E05C799F0 = {
			fileRef = "AAC5D3BB2B45E06D7BEABBA5";
			isa = PBXBuildFile;
			settings = {
				ATTRIBUTES = (
					);
			};
		};
		C898033F47FD6C20E0A3C693 = {
			isa = PBXFileReference;
			name = "dlgsettings.cpp";
			path = "dlgsettings.cpp";
			refType = 4;
			sourceTree = "SOURCE_ROOT";
			lastKnownFileType = "sourcecode.cpp.cpp";
		};
		3171D0671AEB14E9C7824A23 = {
			fileRef = "C898033F47FD6C20E0A3C693";
			isa = PBXBuildFile;
			settings = {
				ATTRIBUTES = (
					);
			};
		};
		17346D870A6CE8561A8CD144 = {
			isa = PBXFileReference;
			name = "dlgmakequake.cpp";
			path = "dlgmakequake.cpp";
			refType = 4;
			sourceTree = "SOURCE_ROOT";
			lastKnownFileType = "sourcecode.cpp.cpp";
		};
		4A14691F28FAAE51221E20B0 = {
			fileRef = "17346D870A6CE8561A8CD144";
			isa = PBXBuildFile;
			settings = {
				ATTRIBUTES = (
					);
			};
		};
		ED15BDF1BF982B560C3AE6FC = {
			isa = PBXFileReference;
			name = "qcn_shmem.cpp";
			path = "../main/qcn_shmem.cpp";
			refType = 4;
			sourceTree = "SOURCE_ROOT";
			lastKnownFileType = "sourcecode.cpp.cpp";
		};
		0DB57EBB13793F879545A446 = {
			fileRef = "ED15BDF1BF982B560C3AE6FC";
			isa = PBXBuildFile;
			settings = {
				ATTRIBUTES = (
					);
			};
		};
		73A3AF2E1B5C8E0CC5E3B85D = {
			isa = PBXFileReference;
			name = "qcn_thread_sensor.cpp";
			path = "../main/qcn_thread_sensor.cpp";
			refType = 4;
			sourceTree = "SOURCE_ROOT";
			lastKnownFileType = "sourcecode.cpp.cpp";
		};
		72375E4E7C74FBB09CB6784E = {
			fileRef = "73A3AF2E1B5C8E0CC5E3B85D";
			isa = PBXBuildFile;
			settings = {
				ATTRIBUTES = (
					);
			};
		};
		6E03E02AF4413E65097B0743 = {
			isa = PBXFileReference;
			name = "qcn_thread_sensor_util.cpp";
			path = "../main/qcn_thread_sensor_util.cpp";
			refType = 4;
			sourceTree = "SOURCE_ROOT";
			lastKnownFileType = "sourcecode.cpp.cpp";
		};
		A9A1D74DD0A869D237C7822F = {
			fileRef = "6E03E02AF4413E65097B0743";
			isa = PBXBuildFile;
			settings = {
				ATTRIBUTES = (
					);
			};
		};
		DB65E063F5624442D7B21082 = {
			isa = PBXFileReference;
			name = "qcn_thread_sensor_loop.cpp";
			path = "../main/qcn_thread_sensor_loop.cpp";
			refType = 4;
			sourceTree = "SOURCE_ROOT";
			lastKnownFileType = "sourcecode.cpp.cpp";
		};
		98B787B41F9A61B54BAE60D2 = {
			fileRef = "DB65E063F5624442D7B21082";
			isa = PBXBuildFile;
			settings = {
				ATTRIBUTES = (
					);
			};
		};
		7C710D6618AE89CA04D7C7DD = {
			isa = PBXFileReference;
			name = "qcn_thread_time.cpp";
			path = "../main/qcn_thread_time.cpp";
			refType = 4;
			sourceTree = "SOURCE_ROOT";
			lastKnownFileType = "sourcecode.cpp.cpp";
		};
		A4B45FAA0741C88F9973380C = {
			fileRef = "7C710D6618AE89CA04D7C7DD";
			isa = PBXBuildFile;
			settings = {
				ATTRIBUTES = (
					);
			};
		};
		BF44A226F82642BA4403C02B = {
			isa = PBXFileReference;
			name = "main.cpp";
			path = "../main/main.cpp";
			refType = 4;
			sourceTree = "SOURCE_ROOT";
			lastKnownFileType = "sourcecode.cpp.cpp";
		};
		BEDED976F515C7289AFF293C = {
			fileRef = "BF44A226F82642BA4403C02B";
			isa = PBXBuildFile;
			settings = {
				ATTRIBUTES = (
					);
			};
		};
		DE1D31CA413500D349EE841B = {
			isa = PBXFileReference;
			name = "cserialize.cpp";
			path = "../util/cserialize.cpp";
			refType = 4;
			sourceTree = "SOURCE_ROOT";
			lastKnownFileType = "sourcecode.cpp.cpp";
		};
		A167023E1610B93176391E6B = {
			fileRef = "DE1D31CA413500D349EE841B";
			isa = PBXBuildFile;
			settings = {
				ATTRIBUTES = (
					);
			};
		};
		11BA496981EA035DC6E7F83C = {
			isa = PBXFileReference;
			name = "sac.cpp";
			path = "../util/sac.cpp";
			refType = 4;
			sourceTree = "SOURCE_ROOT";
			lastKnownFileType = "sourcecode.cpp.cpp";
		};
		0BE13D8B23BD1C68BF7549D9 = {
			fileRef = "11BA496981EA035DC6E7F83C";
			isa = PBXBuildFile;
			settings = {
				ATTRIBUTES = (
					);
			};
		};
		3444B67FFAFE9202AAAD4E14 = {
			isa = PBXFileReference;
			name = "qcn_thread.cpp";
			path = "../util/qcn_thread.cpp";
			refType = 4;
			sourceTree = "SOURCE_ROOT";
			lastKnownFileType = "sourcecode.cpp.cpp";
		};
		F894B9197F723645438B7DBE = {
			fileRef = "3444B67FFAFE9202AAAD4E14";
			isa = PBXBuildFile;
			settings = {
				ATTRIBUTES = (
					);
			};
		};
		DF3446C929D30FB904FE57D1 = {
			isa = PBXFileReference;
			name = "trickleup.cpp";
			path = "../util/trickleup.cpp";
			refType = 4;
			sourceTree = "SOURCE_ROOT";
			lastKnownFileType = "sourcecode.cpp.cpp";
		};
		96E67CF4291DF859A5ABBC81 = {
			fileRef = "DF3446C929D30FB904FE57D1";
			isa = PBXBuildFile;
			settings = {
				ATTRIBUTES = (
					);
			};
		};
		3A9598F9D0008B7DC47F0F9B = {
			isa = PBXFileReference;
			name = "trickledown.cpp";
			path = "../util/trickledown.cpp";
			refType = 4;
			sourceTree = "SOURCE_ROOT";
			lastKnownFileType = "sourcecode.cpp.cpp";
		};
		CADAD7A45897992DC6074695 = {
			fileRef = "3A9598F9D0008B7DC47F0F9B";
			isa = PBXBuildFile;
			settings = {
				ATTRIBUTES = (
					);
			};
		};
		35A93F1DAC1A664E3D63A677 = {
			isa = PBXFileReference;
			name = "md5.cpp";
			path = "../util/md5.cpp";
			refType = 4;
			sourceTree = "SOURCE_ROOT";
			lastKnownFileType = "sourcecode.cpp.cpp";
		};
		6A2AF6F68B597F156601D131 = {
			fileRef = "35A93F1DAC1A664E3D63A677";
			isa = PBXBuildFile;
			settings = {
				ATTRIBUTES = (
					);
			};
		};
		12D3C4AA20A6B728E928AF59 = {
			isa = PBXFileReference;
			name = "execproc.cpp";
			path = "../util/execproc.cpp";
			refType = 4;
			sourceTree = "SOURCE_ROOT";
			lastKnownFileType = "sourcecode.cpp.cpp";
		};
		6A25F449CC27CB18D4D7A06B = {
			fileRef = "12D3C4AA20A6B728E928AF59";
			isa = PBXBuildFile;
			settings = {
				ATTRIBUTES = (
					);
			};
		};
		3775C664F2B7506863F22E02 = {
			isa = PBXFileReference;
			name = "texture.cpp";
			path = "../util/texture.cpp";
			refType = 4;
			sourceTree = "SOURCE_ROOT";
			lastKnownFileType = "sourcecode.cpp.cpp";
		};
		048C61DFA0BBE7DEE769C92E = {
			fileRef = "3775C664F2B7506863F22E02";
			isa = PBXBuildFile;
			settings = {
				ATTRIBUTES = (
					);
			};
		};
		B2B22C9D62B81A59752EBA16 = {
			isa = PBXFileReference;
			name = "qcn_util.cpp";
			path = "../util/qcn_util.cpp";
			refType = 4;
			sourceTree = "SOURCE_ROOT";
			lastKnownFileType = "sourcecode.cpp.cpp";
		};
		AFF3B00634319D994AE79E3E = {
			fileRef = "B2B22C9D62B81A59752EBA16";
			isa = PBXBuildFile;
			settings = {
				ATTRIBUTES = (
					);
			};
		};
		40A4D687C2287AC419FAC700 = {
			isa = PBXFileReference;
			name = "qcn_signal.cpp";
			path = "../util/qcn_signal.cpp";
			refType = 4;
			sourceTree = "SOURCE_ROOT";
			lastKnownFileType = "sourcecode.cpp.cpp";
		};
		96BF91A9CF0B234343096FEC = {
			fileRef = "40A4D687C2287AC419FAC700";
			isa = PBXBuildFile;
			settings = {
				ATTRIBUTES = (
					);
			};
		};
		5D6609236C4E0569F9F39A95 = {
			isa = PBXFileReference;
			name = "qcn_curl.cpp";
			path = "../util/qcn_curl.cpp";
			refType = 4;
			sourceTree = "SOURCE_ROOT";
			lastKnownFileType = "sourcecode.cpp.cpp";
		};
		C0CD5B28B725F8F6FE4E1489 = {
			fileRef = "5D6609236C4E0569F9F39A95";
			isa = PBXBuildFile;
			settings = {
				ATTRIBUTES = (
					);
			};
		};
		D6557408E5BA68C1A60E3362 = {
			isa = PBXFileReference;
			name = "ttfont.cpp";
			path = "../util/ttfont.cpp";
			refType = 4;
			sourceTree = "SOURCE_ROOT";
			lastKnownFileType = "sourcecode.cpp.cpp";
		};
		B408B711EB2D48F038385D99 = {
			fileRef = "D6557408E5BA68C1A60E3362";
			isa = PBXBuildFile;
			settings = {
				ATTRIBUTES = (
					);
			};
		};
		847780EA26E6EE3E7E99F131 = {
			isa = PBXFileReference;
			name = "gzstream.cpp";
			path = "../util/gzstream.cpp";
			refType = 4;
			sourceTree = "SOURCE_ROOT";
			lastKnownFileType = "sourcecode.cpp.cpp";
		};
		6DDEC13267FA32BF3568A98F = {
			fileRef = "847780EA26E6EE3E7E99F131";
			isa = PBXBuildFile;
			settings = {
				ATTRIBUTES = (
					);
			};
		};
		EC81728B47CDD5B9E4954A66 = {
			isa = PBXFileReference;
			name = "csensor_mac_laptop.cpp";
			path = "../sensor/csensor_mac_laptop.cpp";
			refType = 4;
			sourceTree = "SOURCE_ROOT";
			lastKnownFileType = "sourcecode.cpp.cpp";
		};
		025CCCF290B69C830ED6CBE4 = {
			fileRef = "EC81728B47CDD5B9E4954A66";
			isa = PBXBuildFile;
			settings = {
				ATTRIBUTES = (
					);
			};
		};
		F9750758D0EC92FB41209DD6 = {
			isa = PBXFileReference;
			name = "csensor_usb_motionnodeaccel.cpp";
			path = "../sensor/csensor_usb_motionnodeaccel.cpp";
			refType = 4;
			sourceTree = "SOURCE_ROOT";
			lastKnownFileType = "sourcecode.cpp.cpp";
		};
		3C3F4C56CEAAC0EAA95ACCD6 = {
			fileRef = "F9750758D0EC92FB41209DD6";
			isa = PBXBuildFile;
			settings = {
				ATTRIBUTES = (
					);
			};
		};
		C8A00959E2ACA61674B9FED5 = {
			isa = PBXFileReference;
			name = "csensor_usb_phidgets.cpp";
			path = "../sensor/csensor_usb_phidgets.cpp";
			refType = 4;
			sourceTree = "SOURCE_ROOT";
			lastKnownFileType = "sourcecode.cpp.cpp";
		};
		8433896601C3F623FA3A9C36 = {
			fileRef = "C8A00959E2ACA61674B9FED5";
			isa = PBXBuildFile;
			settings = {
				ATTRIBUTES = (
					);
			};
		};
		DA415624141E391D3164AD5E = {
			isa = PBXFileReference;
			name = "csensor_mac_usb_onavi.cpp";
			path = "../sensor/csensor_mac_usb_onavi.cpp";
			refType = 4;
			sourceTree = "SOURCE_ROOT";
			lastKnownFileType = "sourcecode.cpp.cpp";
		};
		E20431BD739D7999D4AFC687 = {
			fileRef = "DA415624141E391D3164AD5E";
			isa = PBXBuildFile;
			settings = {
				ATTRIBUTES = (
					);
			};
		};
		990D508BE5BA379C8BE806DB = {
			isa = PBXFileReference;
			name = "csensor_mac_usb_jw.cpp";
			path = "../sensor/csensor_mac_usb_jw.cpp";
			refType = 4;
			sourceTree = "SOURCE_ROOT";
			lastKnownFileType = "sourcecode.cpp.cpp";
		};
		60DC741BBCE71E18518A0B34 = {
			fileRef = "990D508BE5BA379C8BE806DB";
			isa = PBXBuildFile;
			settings = {
				ATTRIBUTES = (
					);
			};
		};
		150BD64365F528156C445D09 = {
			isa = PBXFileReference;
			name = "csensor_mac_usb_jw24f14.cpp";
			path = "../sensor/csensor_mac_usb_jw24f14.cpp";
			refType = 4;
			sourceTree = "SOURCE_ROOT";
			lastKnownFileType = "sourcecode.cpp.cpp";
		};
		87A6AB48B3BEF56C4DE3CF21 = {
			fileRef = "150BD64365F528156C445D09";
			isa = PBXBuildFile;
			settings = {
				ATTRIBUTES = (
					);
			};
		};
		C8A92498BD15A5E58E97C2FD = {
			isa = PBXFileReference;
			name = "csensor.cpp";
			path = "../sensor/csensor.cpp";
			refType = 4;
			sourceTree = "SOURCE_ROOT";
			lastKnownFileType = "sourcecode.cpp.cpp";
		};
		C7F7A4212308D53008184DBB = {
			fileRef = "C8A92498BD15A5E58E97C2FD";
			isa = PBXBuildFile;
			settings = {
				ATTRIBUTES = (
					);
			};
		};
		BA4D71C29E14A5D230C7D405 = {
			isa = PBXFileReference;
			name = "qcn_graphics.cpp";
			path = "../graphics/qcn_graphics.cpp";
			refType = 4;
			sourceTree = "SOURCE_ROOT";
			lastKnownFileType = "sourcecode.cpp.cpp";
		};
		3719BFEE9F245FB274186909 = {
			fileRef = "BA4D71C29E14A5D230C7D405";
			isa = PBXBuildFile;
			settings = {
				ATTRIBUTES = (
					);
			};
		};
		78EB6090A2080F8DAA0A8A2C = {
			isa = PBXFileReference;
			name = "qcn_2dplot.cpp";
			path = "../graphics/qcn_2dplot.cpp";
			refType = 4;
			sourceTree = "SOURCE_ROOT";
			lastKnownFileType = "sourcecode.cpp.cpp";
		};
		44C796EE39420FB81C48361D = {
			fileRef = "78EB6090A2080F8DAA0A8A2C";
			isa = PBXBuildFile;
			settings = {
				ATTRIBUTES = (
					);
			};
		};
		514B45140FBAF53969785617 = {
			isa = PBXFileReference;
			name = "qcn_earth.cpp";
			path = "../graphics/qcn_earth.cpp";
			refType = 4;
			sourceTree = "SOURCE_ROOT";
			lastKnownFileType = "sourcecode.cpp.cpp";
		};
		CC6D1E155AC9BC75F6E3E6C9 = {
			fileRef = "514B45140FBAF53969785617";
			isa = PBXBuildFile;
			settings = {
				ATTRIBUTES = (
					);
			};
		};
		812848BDA5D22688B4D10CEE = {
			isa = PBXFileReference;
			name = "qcn_cube.cpp";
			path = "../graphics/qcn_cube.cpp";
			refType = 4;
			sourceTree = "SOURCE_ROOT";
			lastKnownFileType = "sourcecode.cpp.cpp";
		};
		525597CE0A9E7A82D55A8682 = {
			fileRef = "812848BDA5D22688B4D10CEE";
			isa = PBXBuildFile;
			settings = {
				ATTRIBUTES = (
					);
			};
		};
		0F74AFC95D374D47A03CEB0C = {
			isa = PBXFileReference;
			name = "qcn_game_match.cpp";
			path = "../graphics/qcn_game_match.cpp";
			refType = 4;
			sourceTree = "SOURCE_ROOT";
			lastKnownFileType = "sourcecode.cpp.cpp";
		};
		B6C6FD452A6961EBC28B0C25 = {
			fileRef = "0F74AFC95D374D47A03CEB0C";
			isa = PBXBuildFile;
			settings = {
				ATTRIBUTES = (
					);
			};
		};
		6F1E47B893712D3C19D185CE = {
			isa = PBXFileReference;
			name = "nation_boundary.cpp";
			path = "../graphics/nation_boundary.cpp";
			refType = 4;
			sourceTree = "SOURCE_ROOT";
			lastKnownFileType = "sourcecode.cpp.cpp";
		};
		3A1936BCF2C3EDC07752A851 = {
			fileRef = "6F1E47B893712D3C19D185CE";
			isa = PBXBuildFile;
			settings = {
				ATTRIBUTES = (
					);
			};
		};
		CAFF9A79D4C2AA52D652FBF5 = {
			isa = PBXFileReference;
			name = "coastline.cpp";
			path = "../graphics/coastline.cpp";
			refType = 4;
			sourceTree = "SOURCE_ROOT";
			lastKnownFileType = "sourcecode.cpp.cpp";
		};
		E787E5A238BA6285376A73A9 = {
			fileRef = "CAFF9A79D4C2AA52D652FBF5";
			isa = PBXBuildFile;
			settings = {
				ATTRIBUTES = (
					);
			};
		};
		A707E66160789F5D53CCAE05 = {
			isa = PBXFileReference;
			name = "plate_boundary.cpp";
			path = "../graphics/plate_boundary.cpp";
			refType = 4;
			sourceTree = "SOURCE_ROOT";
			lastKnownFileType = "sourcecode.cpp.cpp";
		};
		AC7F097BAC3C8A08F668547E = {
			fileRef = "A707E66160789F5D53CCAE05";
			isa = PBXBuildFile;
			settings = {
				ATTRIBUTES = (
					);
			};
		};
		A59C45BDAC05E4571CF2B02B = {
			isa = PBXFileReference;
			name = "qcnmac.icns";
			path = "qcnmac.icns";
			refType = 4;
			sourceTree = "SOURCE_ROOT";
		};
		0EDFB80A0279903A1262C5D2 = {
			fileRef = "A59C45BDAC05E4571CF2B02B";
			isa = PBXBuildFile;
			settings = {
				ATTRIBUTES = (
					);
			};
		};
		5CBE9B18237910C54B1894AA = {
			isa = PBXFileReference;
			name = "moc_qcnqt.cpp";
			path = "moc_qcnqt.cpp";
			refType = 4;
			sourceTree = "SOURCE_ROOT";
			lastKnownFileType = "sourcecode.cpp.cpp";
		};
		55EE4FAB020E7CC8C2617933 = {
			fileRef = "5CBE9B18237910C54B1894AA";
			isa = PBXBuildFile;
			settings = {
				ATTRIBUTES = (
					);
			};
		};
		24FC5F21B8D858EDB1CC09E6 = {
			isa = PBXFileReference;
			name = "moc_glwidget.cpp";
			path = "moc_glwidget.cpp";
			refType = 4;
			sourceTree = "SOURCE_ROOT";
			lastKnownFileType = "sourcecode.cpp.cpp";
		};
		3BBD6E3E630068B57C2CEC5B = {
			fileRef = "24FC5F21B8D858EDB1CC09E6";
			isa = PBXBuildFile;
			settings = {
				ATTRIBUTES = (
					);
			};
		};
		E24F3CA780209F58A9D75EB0 = {
			isa = PBXFileReference;
			name = "moc_myframe.cpp";
			path = "moc_myframe.cpp";
			refType = 4;
			sourceTree = "SOURCE_ROOT";
			lastKnownFileType = "sourcecode.cpp.cpp";
		};
		E87ECDCF58FDC2B1DA157BCC = {
			fileRef = "E24F3CA780209F58A9D75EB0";
			isa = PBXBuildFile;
			settings = {
				ATTRIBUTES = (
					);
			};
		};
		A967499CD85FEBAF97D10FD5 = {
			isa = PBXFileReference;
			name = "moc_dlgsettings.cpp";
			path = "moc_dlgsettings.cpp";
			refType = 4;
			sourceTree = "SOURCE_ROOT";
			lastKnownFileType = "sourcecode.cpp.cpp";
		};
		E4691640C717CF00C84F739A = {
			fileRef = "A967499CD85FEBAF97D10FD5";
			isa = PBXBuildFile;
			settings = {
				ATTRIBUTES = (
					);
			};
		};
		7BFEEE92498AF34823645B72 = {
			isa = PBXFileReference;
			name = "moc_dlgmakequake.cpp";
			path = "moc_dlgmakequake.cpp";
			refType = 4;
			sourceTree = "SOURCE_ROOT";
			lastKnownFileType = "sourcecode.cpp.cpp";
		};
		B5DFA8BF162D30F91C5E0323 = {
			fileRef = "7BFEEE92498AF34823645B72";
			isa = PBXBuildFile;
			settings = {
				ATTRIBUTES = (
					);
			};
		};
		FDC7DED21F5E31EB2AF1B26A = {
			isa = PBXFileReference;
			name = "qcnqt.h";
			path = "qcnqt.h";
			refType = 4;
			sourceTree = "SOURCE_ROOT";
		};
		174B4969275AA57F83F57165 = {
			isa = PBXFileReference;
			name = "glwidget.h";
			path = "glwidget.h";
			refType = 4;
			sourceTree = "SOURCE_ROOT";
		};
		9360C082BB1E9191E72216B5 = {
			isa = PBXFileReference;
			name = "myframe.h";
			path = "myframe.h";
			refType = 4;
			sourceTree = "SOURCE_ROOT";
		};
		5304A65977DCB8F0A4FFAD28 = {
			isa = PBXFileReference;
			name = "dlgsettings.h";
			path = "dlgsettings.h";
			refType = 4;
			sourceTree = "SOURCE_ROOT";
		};
		28EF5EE3E1612BAA835A47FE = {
			isa = PBXFileReference;
			name = "dlgmakequake.h";
			path = "dlgmakequake.h";
			refType = 4;
			sourceTree = "SOURCE_ROOT";
		};
		CC21C3241233AEF9D80610DA = {
			isa = PBXFileReference;
			name = "qcnlive_define.h";
			path = "qcnlive_define.h";
			refType = 4;
			sourceTree = "SOURCE_ROOT";
		};
		389D844839024C27E3EE1BD6 = {
			isa = PBXFileReference;
			name = "icons.h";
			path = "icons.h";
			refType = 4;
			sourceTree = "SOURCE_ROOT";
		};
		76844FA38CC4181BFDA966B7 = {
			isa = PBXFileReference;
			name = "main.h";
			path = "../main/main.h";
			refType = 4;
			sourceTree = "SOURCE_ROOT";
		};
		C24041305030985A720A617D = {
			isa = PBXFileReference;
			name = "define.h";
			path = "../main/define.h";
			refType = 4;
			sourceTree = "SOURCE_ROOT";
		};
		F1235E634B6FAF8A1D8BD12B = {
			isa = PBXFileReference;
			name = "qcnlive.pro";
			path = "qcnlive.pro";
			refType = 4;
			sourceTree = "SOURCE_ROOT";
		};
		FDC7DED21F5E31EB2AF1B26A = {
			isa = PBXFileReference;
			name = "qcnqt.h";
			path = "qcnqt.h";
			refType = 4;
			sourceTree = "SOURCE_ROOT";
		};
		C23023708A88702F5D9AC777 = {
			fileRef = "FDC7DED21F5E31EB2AF1B26A";
			isa = PBXBuildFile;
			settings = {
				ATTRIBUTES = (
					);
			};
		};
		174B4969275AA57F83F57165 = {
			isa = PBXFileReference;
			name = "glwidget.h";
			path = "glwidget.h";
			refType = 4;
			sourceTree = "SOURCE_ROOT";
		};
		015E9C52EB0102E1F7D2FB4C = {
			fileRef = "174B4969275AA57F83F57165";
			isa = PBXBuildFile;
			settings = {
				ATTRIBUTES = (
					);
			};
		};
		9360C082BB1E9191E72216B5 = {
			isa = PBXFileReference;
			name = "myframe.h";
			path = "myframe.h";
			refType = 4;
			sourceTree = "SOURCE_ROOT";
		};
		8EA600E334DA3BFB254E28DA = {
			fileRef = "9360C082BB1E9191E72216B5";
			isa = PBXBuildFile;
			settings = {
				ATTRIBUTES = (
					);
			};
		};
		5304A65977DCB8F0A4FFAD28 = {
			isa = PBXFileReference;
			name = "dlgsettings.h";
			path = "dlgsettings.h";
			refType = 4;
			sourceTree = "SOURCE_ROOT";
		};
		5FDE2F8F99DA27E92F010D81 = {
			fileRef = "5304A65977DCB8F0A4FFAD28";
			isa = PBXBuildFile;
			settings = {
				ATTRIBUTES = (
					);
			};
		};
		28EF5EE3E1612BAA835A47FE = {
			isa = PBXFileReference;
			name = "dlgmakequake.h";
			path = "dlgmakequake.h";
			refType = 4;
			sourceTree = "SOURCE_ROOT";
		};
		E30CBB8CA7BDCDDD45FF75FE = {
			fileRef = "28EF5EE3E1612BAA835A47FE";
			isa = PBXBuildFile;
			settings = {
				ATTRIBUTES = (
					);
			};
		};
		883D7615C4D2DE3FA1218F12 = {
			isa = PBXGroup;
			children = (
				"FDC7DED21F5E31EB2AF1B26A",
				"174B4969275AA57F83F57165",
				"9360C082BB1E9191E72216B5",
				"5304A65977DCB8F0A4FFAD28",
				"28EF5EE3E1612BAA835A47FE",
				"CC21C3241233AEF9D80610DA",
				"389D844839024C27E3EE1BD6",
				"4458B98565818D7E2682FA2D");
			name = "Headers";
			refType = 4;
			sourceTree = "<Group>";
		};
		4458B98565818D7E2682FA2D = {
			isa = PBXGroup;
			children = (
				"E9573E0CC00160A0BBA7599D");
			name = "..";
			refType = 4;
			sourceTree = "<Group>";
		};
		E9573E0CC00160A0BBA7599D = {
			isa = PBXGroup;
			children = (
				"76844FA38CC4181BFDA966B7",
				"C24041305030985A720A617D");
			name = "main";
			refType = 4;
			sourceTree = "<Group>";
		};
		BFA3A29D17FD123C907B6E35 = {
			isa = PBXGroup;
			children = (
				"174AC5C013434B20F3F8526C",
				"8DFEB15B6DB5337E3B27B4C7",
				"B134B4613BC0573F04482C62",
				"224099E37BBC2C940B0B039A");
			name = "..";
			refType = 4;
			sourceTree = "<Group>";
		};
		224099E37BBC2C940B0B039A = {
			isa = PBXGroup;
			children = (
				"BA4D71C29E14A5D230C7D405",
				"78EB6090A2080F8DAA0A8A2C",
				"514B45140FBAF53969785617",
				"812848BDA5D22688B4D10CEE",
				"0F74AFC95D374D47A03CEB0C",
				"6F1E47B893712D3C19D185CE",
				"CAFF9A79D4C2AA52D652FBF5",
				"A707E66160789F5D53CCAE05");
			name = "graphics";
			refType = 4;
			sourceTree = "<Group>";
		};
		174AC5C013434B20F3F8526C = {
			isa = PBXGroup;
			children = (
				"ED15BDF1BF982B560C3AE6FC",
				"73A3AF2E1B5C8E0CC5E3B85D",
				"6E03E02AF4413E65097B0743",
				"DB65E063F5624442D7B21082",
				"7C710D6618AE89CA04D7C7DD",
				"BF44A226F82642BA4403C02B");
			name = "main";
			refType = 4;
			sourceTree = "<Group>";
		};
		B134B4613BC0573F04482C62 = {
			isa = PBXGroup;
			children = (
				"EC81728B47CDD5B9E4954A66",
				"F9750758D0EC92FB41209DD6",
				"C8A00959E2ACA61674B9FED5",
				"DA415624141E391D3164AD5E",
				"990D508BE5BA379C8BE806DB",
				"150BD64365F528156C445D09",
				"C8A92498BD15A5E58E97C2FD");
			name = "sensor";
			refType = 4;
			sourceTree = "<Group>";
		};
		8DFEB15B6DB5337E3B27B4C7 = {
			isa = PBXGroup;
			children = (
				"DE1D31CA413500D349EE841B",
				"11BA496981EA035DC6E7F83C",
				"3444B67FFAFE9202AAAD4E14",
				"DF3446C929D30FB904FE57D1",
				"3A9598F9D0008B7DC47F0F9B",
				"35A93F1DAC1A664E3D63A677",
				"12D3C4AA20A6B728E928AF59",
				"3775C664F2B7506863F22E02",
				"B2B22C9D62B81A59752EBA16",
				"40A4D687C2287AC419FAC700",
				"5D6609236C4E0569F9F39A95",
				"D6557408E5BA68C1A60E3362",
				"847780EA26E6EE3E7E99F131");
			name = "util";
			refType = 4;
			sourceTree = "<Group>";
		};
		FB61758D0F0FDA4BA867C3D5 = {
			isa = PBXGroup;
			children = (
				"5F02801ACF9C72A274A802D8",
				"17F70FD7FAC30703194F950A",
				"AAC5D3BB2B45E06D7BEABBA5",
				"C898033F47FD6C20E0A3C693",
				"17346D870A6CE8561A8CD144",
				"BFA3A29D17FD123C907B6E35",
				"A59C45BDAC05E4571CF2B02B");
			name = "Sources";
			refType = 4;
			sourceTree = "<Group>";
		};
		DD3C674B0E9509B84DF40A16 = {
			isa = PBXGroup;
			children = (
				"FDC7DED21F5E31EB2AF1B26A",
				"174B4969275AA57F83F57165",
				"9360C082BB1E9191E72216B5",
				"5304A65977DCB8F0A4FFAD28",
				"28EF5EE3E1612BAA835A47FE",
				"CC21C3241233AEF9D80610DA",
				"389D844839024C27E3EE1BD6",
				"4458B98565818D7E2682FA2D");
			name = "Sources [MOC]";
			refType = 4;
			sourceTree = "<Group>";
		};
		7CABE3C80E79AD2B307756D2 = {
			isa = PBXGroup;
			children = (
				"F1235E634B6FAF8A1D8BD12B");
			name = "Sources [qmake]";
			refType = 4;
			sourceTree = "<Group>";
		};
		46E892BBB6BB6952967E0561 = {
			isa = PBXGroup;
			children = (
				"5CBE9B18237910C54B1894AA",
				"24FC5F21B8D858EDB1CC09E6",
				"E24F3CA780209F58A9D75EB0",
				"A967499CD85FEBAF97D10FD5",
				"7BFEEE92498AF34823645B72");
			name = "Temporary Sources";
			refType = 4;
			sourceTree = "<Group>";
		};
		A0A52A2ADF7A1E2A99738674 = {
			buildActionMask = 2147483647;
			files = (
				);
			generatedFileNames = (
				"2E812FBC8E1A8F8CA0084814",
				"F0FF6BCD7452D94EA0A7D4E4",
				"55BAA308AFB2B93E05C799F0",
				"3171D0671AEB14E9C7824A23",
				"4A14691F28FAAE51221E20B0",
				"0DB57EBB13793F879545A446",
				"72375E4E7C74FBB09CB6784E",
				"A9A1D74DD0A869D237C7822F",
				"98B787B41F9A61B54BAE60D2",
				"A4B45FAA0741C88F9973380C",
				"BEDED976F515C7289AFF293C",
				"A167023E1610B93176391E6B",
				"0BE13D8B23BD1C68BF7549D9",
				"F894B9197F723645438B7DBE",
				"96E67CF4291DF859A5ABBC81",
				"CADAD7A45897992DC6074695",
				"6A2AF6F68B597F156601D131",
				"6A25F449CC27CB18D4D7A06B",
				"048C61DFA0BBE7DEE769C92E",
				"AFF3B00634319D994AE79E3E",
				"96BF91A9CF0B234343096FEC",
				"C0CD5B28B725F8F6FE4E1489",
				"B408B711EB2D48F038385D99",
				"6DDEC13267FA32BF3568A98F",
				"025CCCF290B69C830ED6CBE4",
				"3C3F4C56CEAAC0EAA95ACCD6",
				"8433896601C3F623FA3A9C36",
				"E20431BD739D7999D4AFC687",
				"60DC741BBCE71E18518A0B34",
				"87A6AB48B3BEF56C4DE3CF21",
				"C7F7A4212308D53008184DBB",
				"3719BFEE9F245FB274186909",
				"44C796EE39420FB81C48361D",
				"CC6D1E155AC9BC75F6E3E6C9",
				"525597CE0A9E7A82D55A8682",
				"B6C6FD452A6961EBC28B0C25",
				"3A1936BCF2C3EDC07752A851",
				"E787E5A238BA6285376A73A9",
				"AC7F097BAC3C8A08F668547E",
				"55EE4FAB020E7CC8C2617933",
				"3BBD6E3E630068B57C2CEC5B",
				"E87ECDCF58FDC2B1DA157BCC",
				"E4691640C717CF00C84F739A",
				"B5DFA8BF162D30F91C5E0323");
			isa = PBXShellScriptBuildPhase;
			name = "Qt Preprocessors";
			neededFileNames = (
				"2E812FBC8E1A8F8CA0084814",
				"F0FF6BCD7452D94EA0A7D4E4",
				"55BAA308AFB2B93E05C799F0",
				"3171D0671AEB14E9C7824A23",
				"4A14691F28FAAE51221E20B0",
				"0DB57EBB13793F879545A446",
				"72375E4E7C74FBB09CB6784E",
				"A9A1D74DD0A869D237C7822F",
				"98B787B41F9A61B54BAE60D2",
				"A4B45FAA0741C88F9973380C",
				"BEDED976F515C7289AFF293C",
				"A167023E1610B93176391E6B",
				"0BE13D8B23BD1C68BF7549D9",
				"F894B9197F723645438B7DBE",
				"96E67CF4291DF859A5ABBC81",
				"CADAD7A45897992DC6074695",
				"6A2AF6F68B597F156601D131",
				"6A25F449CC27CB18D4D7A06B",
				"048C61DFA0BBE7DEE769C92E",
				"AFF3B00634319D994AE79E3E",
				"96BF91A9CF0B234343096FEC",
				"C0CD5B28B725F8F6FE4E1489",
				"B408B711EB2D48F038385D99",
				"6DDEC13267FA32BF3568A98F",
				"025CCCF290B69C830ED6CBE4",
				"3C3F4C56CEAAC0EAA95ACCD6",
				"8433896601C3F623FA3A9C36",
				"E20431BD739D7999D4AFC687",
				"60DC741BBCE71E18518A0B34",
				"87A6AB48B3BEF56C4DE3CF21",
				"C7F7A4212308D53008184DBB",
				"3719BFEE9F245FB274186909",
				"44C796EE39420FB81C48361D",
				"CC6D1E155AC9BC75F6E3E6C9",
				"525597CE0A9E7A82D55A8682",
				"B6C6FD452A6961EBC28B0C25",
				"3A1936BCF2C3EDC07752A851",
				"E787E5A238BA6285376A73A9",
				"AC7F097BAC3C8A08F668547E",
				"55EE4FAB020E7CC8C2617933",
				"3BBD6E3E630068B57C2CEC5B",
				"E87ECDCF58FDC2B1DA157BCC",
				"E4691640C717CF00C84F739A",
				"B5DFA8BF162D30F91C5E0323");
			shellPath = "/bin/sh";
			shellScript = "make -C /Users/carlgt1/projects/qcn/client/qcnlive -f qcnlive.xcodeproj/qt_preprocess.mak";
		};
		C29B8785722055ED95EF7B57 = {
			buildActionMask = 2147483647;
			files = (
				"2E812FBC8E1A8F8CA0084814",
				"F0FF6BCD7452D94EA0A7D4E4",
				"55BAA308AFB2B93E05C799F0",
				"3171D0671AEB14E9C7824A23",
				"4A14691F28FAAE51221E20B0",
				"0DB57EBB13793F879545A446",
				"72375E4E7C74FBB09CB6784E",
				"A9A1D74DD0A869D237C7822F",
				"98B787B41F9A61B54BAE60D2",
				"A4B45FAA0741C88F9973380C",
				"BEDED976F515C7289AFF293C",
				"A167023E1610B93176391E6B",
				"0BE13D8B23BD1C68BF7549D9",
				"F894B9197F723645438B7DBE",
				"96E67CF4291DF859A5ABBC81",
				"CADAD7A45897992DC6074695",
				"6A2AF6F68B597F156601D131",
				"6A25F449CC27CB18D4D7A06B",
				"048C61DFA0BBE7DEE769C92E",
				"AFF3B00634319D994AE79E3E",
				"96BF91A9CF0B234343096FEC",
				"C0CD5B28B725F8F6FE4E1489",
				"B408B711EB2D48F038385D99",
				"6DDEC13267FA32BF3568A98F",
				"025CCCF290B69C830ED6CBE4",
				"3C3F4C56CEAAC0EAA95ACCD6",
				"8433896601C3F623FA3A9C36",
				"E20431BD739D7999D4AFC687",
				"60DC741BBCE71E18518A0B34",
				"87A6AB48B3BEF56C4DE3CF21",
				"C7F7A4212308D53008184DBB",
				"3719BFEE9F245FB274186909",
				"44C796EE39420FB81C48361D",
				"CC6D1E155AC9BC75F6E3E6C9",
				"525597CE0A9E7A82D55A8682",
				"B6C6FD452A6961EBC28B0C25",
				"3A1936BCF2C3EDC07752A851",
				"E787E5A238BA6285376A73A9",
				"AC7F097BAC3C8A08F668547E",
				"55EE4FAB020E7CC8C2617933",
				"3BBD6E3E630068B57C2CEC5B",
				"E87ECDCF58FDC2B1DA157BCC",
				"E4691640C717CF00C84F739A",
				"B5DFA8BF162D30F91C5E0323");
			isa = PBXSourcesBuildPhase;
			name = "Build Sources";
		};
		B41DB44ED1FE16D3A80D5696 = {
			isa = PBXFrameworkReference;
			name = "IOKit.framework";
			path = "/System/Library/Frameworks/IOKit.framework";
			refType = 0;
			sourceTree = "<absolute>";
		};
		E8B9F0C58A5A7125FD5B79D3 = {
			fileRef = "B41DB44ED1FE16D3A80D5696";
			isa = PBXBuildFile;
			settings = {
			};
		};
		DA138F75C9F545CDAE7FB264 = {
			isa = PBXFrameworkReference;
			name = "Carbon.framework";
			path = "/System/Library/Frameworks/Carbon.framework";
			refType = 0;
			sourceTree = "<absolute>";
		};
		C8FD4A1AAA37CF2CA2824CCF = {
			fileRef = "DA138F75C9F545CDAE7FB264";
			isa = PBXBuildFile;
			settings = {
			};
		};
		06BD91137C809FD5685A4259 = {
			isa = PBXFileReference;
			name = "boinc_api";
			path = "../mac_build/libboinc_api.a";
			refType = 4;
			sourceTree = "SOURCE_ROOT";
		};
		A18EF07557240F3BA17930DA = {
			fileRef = "06BD91137C809FD5685A4259";
			isa = PBXBuildFile;
			settings = {
			};
		};
		AE0367533D7166543052198C = {
			isa = PBXFileReference;
			name = "boinc";
			path = "../mac_build/libboinc.a";
			refType = 4;
			sourceTree = "SOURCE_ROOT";
		};
		2404600A6D8D438516EB7BC3 = {
			fileRef = "AE0367533D7166543052198C";
			isa = PBXBuildFile;
			settings = {
			};
		};
		910F3CDDAC84F23FCC42F6BE = {
			isa = PBXFileReference;
			name = "boinc_zip";
			path = "../mac_build/libboinc_zip.a";
			refType = 4;
			sourceTree = "SOURCE_ROOT";
		};
		B22A9AEFE15D8FD9C4403B99 = {
			fileRef = "910F3CDDAC84F23FCC42F6BE";
			isa = PBXBuildFile;
			settings = {
			};
		};
		DABC4D6B07B8C26FDDEDB29D = {
			isa = PBXFileReference;
			name = "boinc_graphics2";
			path = "../mac_build/libboinc_graphics2.a";
			refType = 4;
			sourceTree = "SOURCE_ROOT";
		};
		D5866380C965270EEB8EEEBE = {
			fileRef = "DABC4D6B07B8C26FDDEDB29D";
			isa = PBXBuildFile;
			settings = {
			};
		};
		058442034EC9720C6EE0A229 = {
			isa = PBXFileReference;
			name = "jpeg";
			path = "../mac_build/libjpeg.a";
			refType = 4;
			sourceTree = "SOURCE_ROOT";
		};
		DBF264AC0D271841E6CF17FF = {
			fileRef = "058442034EC9720C6EE0A229";
			isa = PBXBuildFile;
			settings = {
			};
		};
		CBC834D798404DDE42DF1A31 = {
			isa = PBXFileReference;
			name = "curl-universal";
			path = "../mac_build/libcurl-universal.a";
			refType = 4;
			sourceTree = "SOURCE_ROOT";
		};
		2F7A941326358F03CCD93237 = {
			fileRef = "CBC834D798404DDE42DF1A31";
			isa = PBXBuildFile;
			settings = {
			};
		};
		B6F4A53A14CAF6DE687D63EC = {
			isa = PBXFileReference;
			name = "bz2-universal";
			path = "../mac_build/libbz2-universal.a";
			refType = 4;
			sourceTree = "SOURCE_ROOT";
		};
		60D6B3D6E3C9CBA25448B894 = {
			fileRef = "B6F4A53A14CAF6DE687D63EC";
			isa = PBXBuildFile;
			settings = {
			};
		};
		56AC31C7FFE6B1646C5B875E = {
			isa = PBXFileReference;
			name = "z-universal";
			path = "../mac_build/libz-universal.a";
			refType = 4;
			sourceTree = "SOURCE_ROOT";
		};
		2694CAA4DD56AFC7E26BF00A = {
			fileRef = "56AC31C7FFE6B1646C5B875E";
			isa = PBXBuildFile;
			settings = {
			};
		};
		2E86539B1334735229980C99 = {
			isa = PBXFileReference;
			name = "freetype-universal";
			path = "../mac_build/libfreetype-universal.a";
			refType = 4;
			sourceTree = "SOURCE_ROOT";
		};
		67B6E6CB2B97255DCC5212B8 = {
			fileRef = "2E86539B1334735229980C99";
			isa = PBXBuildFile;
			settings = {
			};
		};
		090F09679E677D295ECC01EA = {
			isa = PBXFileReference;
			name = "ftgl-universal";
			path = "../mac_build/libftgl-universal.a";
			refType = 4;
			sourceTree = "SOURCE_ROOT";
		};
		48118D5E3A3987BF3F5161A6 = {
			fileRef = "090F09679E677D295ECC01EA";
			isa = PBXBuildFile;
			settings = {
			};
		};
		2122D8621C58E3BA27E74F91 = {
			isa = PBXFrameworkReference;
			name = "QtOpenGL.framework";
			path = "/Developer/Qt5.0.0/5.0.0/clang_64/lib/QtOpenGL.framework";
			refType = 0;
			sourceTree = "<absolute>";
		};
		0854AC06B794F9101FEEC560 = {
			fileRef = "2122D8621C58E3BA27E74F91";
			isa = PBXBuildFile;
			settings = {
			};
		};
		3CDD5AC0F9A69FEB54933877 = {
			isa = PBXFrameworkReference;
			name = "QtWidgets.framework";
			path = "/Developer/Qt5.0.0/5.0.0/clang_64/lib/QtWidgets.framework";
			refType = 0;
			sourceTree = "<absolute>";
		};
		1728AC3E40CA84FDE3F0F275 = {
			fileRef = "3CDD5AC0F9A69FEB54933877";
			isa = PBXBuildFile;
			settings = {
			};
		};
		11513819A40B82CACF90065E = {
			isa = PBXFrameworkReference;
			name = "QtGui.framework";
			path = "/Developer/Qt5.0.0/5.0.0/clang_64/lib/QtGui.framework";
			refType = 0;
			sourceTree = "<absolute>";
		};
		6FE34B1345F596F683D59A5D = {
			fileRef = "11513819A40B82CACF90065E";
			isa = PBXBuildFile;
			settings = {
			};
		};
		40C54152EC097FB265228D7E = {
			isa = PBXFrameworkReference;
			name = "QtCore.framework";
			path = "/Developer/Qt5.0.0/5.0.0/clang_64/lib/QtCore.framework";
			refType = 0;
			sourceTree = "<absolute>";
		};
		9F7FED093D0C73A6151441D2 = {
			fileRef = "40C54152EC097FB265228D7E";
			isa = PBXBuildFile;
			settings = {
			};
		};
		DA18A6831232F53228631AD1 = {
			isa = PBXFrameworkReference;
			name = "OpenGL.framework";
			path = "/System/Library/Frameworks/OpenGL.framework";
			refType = 0;
			sourceTree = "<absolute>";
		};
		BCEF71E1EDFB18DA77DC750B = {
			fileRef = "DA18A6831232F53228631AD1";
			isa = PBXBuildFile;
			settings = {
			};
		};
		C6766F86E49E9C8701C8E637 = {
			isa = PBXFrameworkReference;
			name = "AGL.framework";
			path = "/System/Library/Frameworks/AGL.framework";
			refType = 0;
			sourceTree = "<absolute>";
		};
		0C6D4628EE0B0D1479A20551 = {
			fileRef = "C6766F86E49E9C8701C8E637";
			isa = PBXBuildFile;
			settings = {
			};
		};
		ED1E82605DD74B483AF3C982 = {
			children = (
				"B41DB44ED1FE16D3A80D5696",
				"DA138F75C9F545CDAE7FB264",
				"06BD91137C809FD5685A4259",
				"AE0367533D7166543052198C",
				"910F3CDDAC84F23FCC42F6BE",
				"DABC4D6B07B8C26FDDEDB29D",
				"058442034EC9720C6EE0A229",
				"CBC834D798404DDE42DF1A31",
				"B6F4A53A14CAF6DE687D63EC",
				"56AC31C7FFE6B1646C5B875E",
				"2E86539B1334735229980C99",
				"090F09679E677D295ECC01EA",
				"2122D8621C58E3BA27E74F91",
				"3CDD5AC0F9A69FEB54933877",
				"11513819A40B82CACF90065E",
				"40C54152EC097FB265228D7E",
				"DA18A6831232F53228631AD1",
				"C6766F86E49E9C8701C8E637");
			isa = PBXGroup;
			name = "External Frameworks and Libraries";
			path = "";
			refType = 4;
			sourceTree = "<Group>";
		};
		2A1043669E6E5A7426EA502A = {
			buildActionMask = 2147483647;
			files = (
				"E8B9F0C58A5A7125FD5B79D3",
				"C8FD4A1AAA37CF2CA2824CCF",
				"A18EF07557240F3BA17930DA",
				"2404600A6D8D438516EB7BC3",
				"B22A9AEFE15D8FD9C4403B99",
				"D5866380C965270EEB8EEEBE",
				"DBF264AC0D271841E6CF17FF",
				"2F7A941326358F03CCD93237",
				"60D6B3D6E3C9CBA25448B894",
				"2694CAA4DD56AFC7E26BF00A",
				"67B6E6CB2B97255DCC5212B8",
				"48118D5E3A3987BF3F5161A6",
				"0854AC06B794F9101FEEC560",
				"1728AC3E40CA84FDE3F0F275",
				"6FE34B1345F596F683D59A5D",
				"9F7FED093D0C73A6151441D2",
				"BCEF71E1EDFB18DA77DC750B",
				"0C6D4628EE0B0D1479A20551");
			isa = PBXFrameworksBuildPhase;
			name = "Frameworks & Libraries";
		};
		3787F99312C85FF0073FD7BA = {
			buildActionMask = 2147483647;
			files = (
				0EDFB80A0279903A1262C5D2,
			);
			isa = PBXResourcesBuildPhase;
			name = "Bundle Resources";
		};
		05596AB53D8D521C69802C27 = {
			children = (
				"FB61758D0F0FDA4BA867C3D5",
				"46E892BBB6BB6952967E0561",
				"883D7615C4D2DE3FA1218F12",
				"7CABE3C80E79AD2B307756D2",
				"DD3C674B0E9509B84DF40A16",
				"ED1E82605DD74B483AF3C982");
			isa = PBXGroup;
			name = "qcnlive";
			path = "";
			refType = 4;
			sourceTree = "<Group>";
		};
		AFFA338FE662ED3AE097B883 = {
			isa = PBXFileReference;
			explicitFileType = "wrapper.application";
			path = "qcnlive.app";
			refType = 3;
			sourceTree = BUILT_PRODUCTS_DIR;
		};
		068F80C7519D0528FB08E821 = {
			children = (
				"AFFA338FE662ED3AE097B883");
			isa = PBXGroup;
			name = "Products";
			refType = 4;
			sourceTree = "<Group>";
		};
		F9914E3AE9451748DCD676C0 = {
			buildPhases = (
				"D7BA7D76DAB5DD13389D6332",
				"A0A52A2ADF7A1E2A99738674",
				"C29B8785722055ED95EF7B57",
				"2A1043669E6E5A7426EA502A",
				"3787F99312C85FF0073FD7BA");
			buildSettings = {
				CC = "/usr/bin/llvm-gcc-4.2";
				CPLUSPLUS = "/usr/bin/llvm-g++-4.2";
				LEXFLAGS = "";
				YACCFLAGS = "-d";
				OTHER_REZFLAGS = "";
				SECTORDER_FLAGS = "";
				WARNING_CFLAGS = "";
				PREBINDING = NO;
				INFOPLIST_FILE = "Info.plist";
				BUILD_ROOT = "/Users/carlgt1/projects/qcn/client/qcnlive";
				OTHER_LDFLAGS = (
						"-headerpad_max_install_names",
						"-mmacosx-version-min=10.6",
						"-L/Users/carlgt1/projects/qcn/client/mac_build",
						"-F/Developer/Qt5.0.0/5.0.0/clang_64/lib",
						"-F/Developer/Qt5.0.0/5.0.0/clang_64/qtbase/lib");
				DYLIB_CURRENT_VERSION = "1.0.0";
				DYLIB_COMPATIBILITY_VERSION = "1.0";
				MACOSX_DEPLOYMENT_TARGET = "10.5";
				PRODUCT_NAME = "qcnlive";
			};
			conditionalBuildSettings = {
			};
			dependencies = (
				);
			productReference = "AFFA338FE662ED3AE097B883";
			shouldUseHeadermap = 1;
			buildConfigurationList = 17B3380A4D6A7D415E7F2E1E;
			isa = PBXNativeTarget;
			productType = "com.apple.product-type.application";
			productSettingsXML = "<?xml version=\"1.0\" encoding=\"UTF-8\"?>
<!DOCTYPE plist PUBLIC \"-//Apple//DTD PLIST 1.0//EN\" \"http://www.apple.com/DTDs/PropertyList-1.0.dtd\">
<plist version=\"1.0\">
<dict>
	<key>CFBundleDevelopmentRegion</key>
	<string>English</string>
	<key>CFBundleExecutable</key>
	<string>QCNLive</string>
	<key>CFBundleIconFile</key>
	<string>qcnmac.icns</string>
	<key>CFBundleIdentifier</key>
	<string>edu.stanford.qcn.QCNLive</string>
	<key>CFBundleInfoDictionaryVersion</key>
	<string>6.0</string>
	<key>CFBundlePackageType</key>
	<string>APPL</string>
	<key>CFBundleSignature</key>
	<string>CMC1</string>
	<key>CFBundleVersion</key>
	<string>6.74</string>
	<key>NSPrincipalClass</key>
	<string>CarbonApp</string>
</dict>
</plist>
";
			name = "qcnlive";
			productName = "qcnlive";
			startupPath = "<<ProjectDirectory>>";
		};
		4B72B24813252891014BCF61 = {
			isa = XCBuildConfiguration;
			buildSettings = {
				COPY_PHASE_STRIP = "NO";
				GCC_GENERATE_DEBUGGING_SYMBOLS = "YES";
				GCC_OPTIMIZATION_LEVEL = "0";
				PRODUCT_NAME = "qcnlive";
				SDKROOT = "/Developer/SDKs/MacOSX10.5.sdk";
				HEADER_SEARCH_PATHS = (
					"../../../qcn",
					"/Users/carlgt1/projects/qcn/jpeg-6b",
					"../../zlib-1.2.5",
					"../../bzip2-1.0.6",
					"../../curl-7.25.0/include",
					"../../ftgl-2.1.3/include",
					"../../freetype-2.4.6/include",
					"../main",
					"../sensor",
					"../util",
					"../../../boinc/lib",
					"../../../boinc/api",
					"../../../boinc/zip",
					"../graphics",
					"/Developer/Qt5.0.0/5.0.0/clang_64/include",
					"/Developer/Qt5.0.0/5.0.0/clang_64/include/QtOpenGL",
					"/Developer/Qt5.0.0/5.0.0/clang_64/lib/QtOpenGL.framework/Versions/5/Headers",
					"/Developer/Qt5.0.0/5.0.0/clang_64/include/QtWidgets",
					"/Developer/Qt5.0.0/5.0.0/clang_64/lib/QtWidgets.framework/Versions/5/Headers",
					"/Developer/Qt5.0.0/5.0.0/clang_64/include/QtGui",
					"/Developer/Qt5.0.0/5.0.0/clang_64/lib/QtGui.framework/Versions/5/Headers",
					"/Developer/Qt5.0.0/5.0.0/clang_64/include/QtCore",
					"/Developer/Qt5.0.0/5.0.0/clang_64/lib/QtCore.framework/Versions/5/Headers",
					".",
					"/System/Library/Frameworks/OpenGL.framework/Versions/A/Headers",
					"/System/Library/Frameworks/AGL.framework/Headers",
					"/usr/local/include",
					"/System/Library/Frameworks/CarbonCore.framework/Headers",
					"/Developer/Qt5.0.0/5.0.0/clang_64/mkspecs/macx-xcode");
				LIBRARY_SEARCH_PATHS = (
					"/System/Library/Frameworks/",
					"/Users/carlgt1/projects/qcn/client/mac_build",
					"/Developer/Qt5.0.0/5.0.0/clang_64/lib");
				FRAMEWORK_SEARCH_PATHS = (
					"/Developer/Qt5.0.0/5.0.0/clang_64/lib",
					"/Developer/Qt5.0.0/5.0.0/clang_64/qtbase/lib");
				INFOPLIST_FILE = "Info.plist";
				OTHER_CFLAGS = (
					"-pipe",
					"-mmacosx-version-min=10.6",
					"-O2",
					"-Wall",
					"-W",
					"-fPIE",
					"-D_USE_NTPDATE_EXEC_",
					"-DFTGL_LIBRARY_STATIC",
					"-DQCNLIVE",
					"-DGRAPHICS_PROGRAM",
					"-DAPP_GRAPHICS",
					"-D_ZLIB",
					"-DQCN",
					"-D_THREAD_SAFE",
					"-DCURL_STATICLIB",
					"-D_ZLIB",
					"-DQT_NO_DEBUG",
					"-DQT_OPENGL_LIB",
					"-DQT_WIDGETS_LIB",
					"-DQT_GUI_LIB",
					"-DQT_CORE_LIB");
				OTHER_CPLUSPLUSFLAGS = (
					"-pipe",
					"-mmacosx-version-min=10.6",
					"-O2",
					"-Wall",
					"-W",
					"-fPIE",
					"-D_USE_NTPDATE_EXEC_",
					"-DFTGL_LIBRARY_STATIC",
					"-DQCNLIVE",
					"-DGRAPHICS_PROGRAM",
					"-DAPP_GRAPHICS",
					"-D_ZLIB",
					"-DQCN",
					"-D_THREAD_SAFE",
					"-DCURL_STATICLIB",
					"-D_ZLIB",
					"-DQT_NO_DEBUG",
					"-DQT_OPENGL_LIB",
					"-DQT_WIDGETS_LIB",
					"-DQT_GUI_LIB",
					"-DQT_CORE_LIB");
				OTHER_LDFLAGS = (
						"-headerpad_max_install_names",
						"-mmacosx-version-min=10.6",
						"-L/Users/carlgt1/projects/qcn/client/mac_build",
						"-F/Developer/Qt5.0.0/5.0.0/clang_64/lib",
						"-F/Developer/Qt5.0.0/5.0.0/clang_64/qtbase/lib");
				ARCHS = "x86_64";
			};
			name = "Debug";
		};
		2C641C3335766025DD51B7BD = {
			buildRules = (
				);
			buildSettings = {
				COPY_PHASE_STRIP = "NO";
				GCC_GENERATE_DEBUGGING_SYMBOLS = "YES";
				GCC_OPTIMIZATION_LEVEL = "0";
				PRODUCT_NAME = "qcnlive";
				SDKROOT = "/Developer/SDKs/MacOSX10.5.sdk";
			};
			isa = "PBXBuildStyle";
			name = "Debug";
		};
		BEC09A62E69C3553534FF35E = {
			isa = XCBuildConfiguration;
			buildSettings = {
				COPY_PHASE_STRIP = "NO";
				GCC_GENERATE_DEBUGGING_SYMBOLS = "YES";
				GCC_OPTIMIZATION_LEVEL = "0";
				PRODUCT_NAME = "qcnlive";
				SDKROOT = "/Developer/SDKs/MacOSX10.5.sdk";
				PRODUCT_NAME = "qcnlive";
			};
			name = "Debug";
		};
		2C641C3335766025DD51B7BD = {
			buildRules = (
				);
			buildSettings = {
				COPY_PHASE_STRIP = "NO";
				GCC_GENERATE_DEBUGGING_SYMBOLS = "YES";
				GCC_OPTIMIZATION_LEVEL = "0";
				PRODUCT_NAME = "qcnlive";
				SDKROOT = "/Developer/SDKs/MacOSX10.5.sdk";
			};
			isa = "PBXBuildStyle";
			name = "Debug";
		};
		D70590BEB531B51029F711BB = {
			isa = XCBuildConfiguration;
			buildSettings = {
				COPY_PHASE_STRIP = "YES";
				GCC_GENERATE_DEBUGGING_SYMBOLS = "NO";
				PRODUCT_NAME = "qcnlive";
				SDKROOT = "/Developer/SDKs/MacOSX10.5.sdk";
				HEADER_SEARCH_PATHS = (
					"../../../qcn",
					"/Users/carlgt1/projects/qcn/jpeg-6b",
					"../../zlib-1.2.5",
					"../../bzip2-1.0.6",
					"../../curl-7.25.0/include",
					"../../ftgl-2.1.3/include",
					"../../freetype-2.4.6/include",
					"../main",
					"../sensor",
					"../util",
					"../../../boinc/lib",
					"../../../boinc/api",
					"../../../boinc/zip",
					"../graphics",
					"/Developer/Qt5.0.0/5.0.0/clang_64/include",
					"/Developer/Qt5.0.0/5.0.0/clang_64/include/QtOpenGL",
					"/Developer/Qt5.0.0/5.0.0/clang_64/lib/QtOpenGL.framework/Versions/5/Headers",
					"/Developer/Qt5.0.0/5.0.0/clang_64/include/QtWidgets",
					"/Developer/Qt5.0.0/5.0.0/clang_64/lib/QtWidgets.framework/Versions/5/Headers",
					"/Developer/Qt5.0.0/5.0.0/clang_64/include/QtGui",
					"/Developer/Qt5.0.0/5.0.0/clang_64/lib/QtGui.framework/Versions/5/Headers",
					"/Developer/Qt5.0.0/5.0.0/clang_64/include/QtCore",
					"/Developer/Qt5.0.0/5.0.0/clang_64/lib/QtCore.framework/Versions/5/Headers",
					".",
					"/System/Library/Frameworks/OpenGL.framework/Versions/A/Headers",
					"/System/Library/Frameworks/AGL.framework/Headers",
					"/usr/local/include",
					"/System/Library/Frameworks/CarbonCore.framework/Headers",
					"/Developer/Qt5.0.0/5.0.0/clang_64/mkspecs/macx-xcode");
				LIBRARY_SEARCH_PATHS = (
					"/System/Library/Frameworks/",
					"/Users/carlgt1/projects/qcn/client/mac_build",
					"/Developer/Qt5.0.0/5.0.0/clang_64/lib");
				FRAMEWORK_SEARCH_PATHS = (
					"/Developer/Qt5.0.0/5.0.0/clang_64/lib",
					"/Developer/Qt5.0.0/5.0.0/clang_64/qtbase/lib");
				INFOPLIST_FILE = "Info.plist";
				OTHER_CFLAGS = (
					"-pipe",
					"-mmacosx-version-min=10.6",
					"-O2",
					"-Wall",
					"-W",
					"-fPIE",
					"-D_USE_NTPDATE_EXEC_",
					"-DFTGL_LIBRARY_STATIC",
					"-DQCNLIVE",
					"-DGRAPHICS_PROGRAM",
					"-DAPP_GRAPHICS",
					"-D_ZLIB",
					"-DQCN",
					"-D_THREAD_SAFE",
					"-DCURL_STATICLIB",
					"-D_ZLIB",
					"-DQT_NO_DEBUG",
					"-DQT_OPENGL_LIB",
					"-DQT_WIDGETS_LIB",
					"-DQT_GUI_LIB",
					"-DQT_CORE_LIB");
				OTHER_CPLUSPLUSFLAGS = (
					"-pipe",
					"-mmacosx-version-min=10.6",
					"-O2",
					"-Wall",
					"-W",
					"-fPIE",
					"-D_USE_NTPDATE_EXEC_",
					"-DFTGL_LIBRARY_STATIC",
					"-DQCNLIVE",
					"-DGRAPHICS_PROGRAM",
					"-DAPP_GRAPHICS",
					"-D_ZLIB",
					"-DQCN",
					"-D_THREAD_SAFE",
					"-DCURL_STATICLIB",
					"-D_ZLIB",
					"-DQT_NO_DEBUG",
					"-DQT_OPENGL_LIB",
					"-DQT_WIDGETS_LIB",
					"-DQT_GUI_LIB",
					"-DQT_CORE_LIB");
				OTHER_LDFLAGS = (
						"-headerpad_max_install_names",
						"-mmacosx-version-min=10.6",
						"-L/Users/carlgt1/projects/qcn/client/mac_build",
						"-F/Developer/Qt5.0.0/5.0.0/clang_64/lib",
						"-F/Developer/Qt5.0.0/5.0.0/clang_64/qtbase/lib");
				ARCHS = "x86_64";
			};
			name = "Release";
		};
		26DE8D2AEA4B3714B41E931F = {
			buildRules = (
				);
			buildSettings = {
				COPY_PHASE_STRIP = "YES";
				GCC_GENERATE_DEBUGGING_SYMBOLS = "NO";
				PRODUCT_NAME = "qcnlive";
				SDKROOT = "/Developer/SDKs/MacOSX10.5.sdk";
			};
			isa = "PBXBuildStyle";
			name = "Release";
		};
		8C7174830A1E4DCBA0332EC1 = {
			isa = XCBuildConfiguration;
			buildSettings = {
				COPY_PHASE_STRIP = "YES";
				GCC_GENERATE_DEBUGGING_SYMBOLS = "NO";
				PRODUCT_NAME = "qcnlive";
				SDKROOT = "/Developer/SDKs/MacOSX10.5.sdk";
				PRODUCT_NAME = "qcnlive";
			};
			name = "Release";
		};
		26DE8D2AEA4B3714B41E931F = {
			buildRules = (
				);
			buildSettings = {
				COPY_PHASE_STRIP = "YES";
				GCC_GENERATE_DEBUGGING_SYMBOLS = "NO";
				PRODUCT_NAME = "qcnlive";
				SDKROOT = "/Developer/SDKs/MacOSX10.5.sdk";
			};
			isa = "PBXBuildStyle";
			name = "Release";
		};
		CC82A9286117DFED018F418F = {
			isa = XCConfigurationList;
			buildConfigurations = (
				"4B72B24813252891014BCF61",
				"D70590BEB531B51029F711BB");
			defaultConfigurationIsVisible = 0;
			defaultConfigurationIsName = "Release";
		};
		17B3380A4D6A7D415E7F2E1E = {
			isa = XCConfigurationList;
			buildConfigurations = (
				"BEC09A62E69C3553534FF35E",
				"8C7174830A1E4DCBA0332EC1");
			defaultConfigurationIsVisible = 0;
			defaultConfigurationIsName = "Release";
		};
		91B15E841AA80083484172DE = {
			buildStyles = (
				"2C641C3335766025DD51B7BD",
				"2C641C3335766025DD51B7BD",
				"26DE8D2AEA4B3714B41E931F",
				"26DE8D2AEA4B3714B41E931F");
			hasScannedForEncodings = 1;
			isa = PBXProject;
			mainGroup = "05596AB53D8D521C69802C27";
			buildConfigurationList = "CC82A9286117DFED018F418F";
			projectDirPath = "";
			targets = (
				"F9914E3AE9451748DCD676C0");
		};
	};
	rootObject = "91B15E841AA80083484172DE";
}
