Microsoft Visual Studio Solution File, Format Version 9.00
# Visual Studio 2005
Project("{8BC9CEB8-8B4A-11D0-8D11-00A0C91BC942}") = "qcn_client", "qcn_client.vcproj", "{89F1CB05-73F7-4FDB-A99A-BF54A9BC6F26}"
	ProjectSection(ProjectDependencies) = postProject
		{6B2BC6FF-48AA-4209-8AF9-ABC7A151D3C2} = {6B2BC6FF-48AA-4209-8AF9-ABC7A151D3C2}
		{C9BA14EA-0D5A-422D-8A99-4914676968E1} = {C9BA14EA-0D5A-422D-8A99-4914676968E1}
		{7B784DA7-237D-4FF0-88C4-A25DDB38E003} = {7B784DA7-237D-4FF0-88C4-A25DDB38E003}
		{87EE9DA4-DE1E-4448-8324-183C98DCA588} = {87EE9DA4-DE1E-4448-8324-183C98DCA588}
		{753E897D-9ECE-42B1-9F0D-CD566775C77E} = {753E897D-9ECE-42B1-9F0D-CD566775C77E}
		{D26E8731-741C-45C5-B7E8-D1724CC3B1E1} = {D26E8731-741C-45C5-B7E8-D1724CC3B1E1}
		{EAB0712E-7488-411E-AD16-B1C3D8558DBF} = {EAB0712E-7488-411E-AD16-B1C3D8558DBF}
	EndProjectSection
EndProject
Project("{8BC9CEB8-8B4A-11D0-8D11-00A0C91BC942}") = "qcn_graphics", "qcn_graphics.vcproj", "{B9EEE711-0151-444D-84DC-6A4C18411038}"
	ProjectSection(ProjectDependencies) = postProject
		{D26E8731-741C-45C5-B7E8-D1724CC3B1E1} = {D26E8731-741C-45C5-B7E8-D1724CC3B1E1}
		{6B2BC6FF-48AA-4209-8AF9-ABC7A151D3C2} = {6B2BC6FF-48AA-4209-8AF9-ABC7A151D3C2}
		{C9BA14EA-0D5A-422D-8A99-4914676968E1} = {C9BA14EA-0D5A-422D-8A99-4914676968E1}
		{7B784DA7-237D-4FF0-88C4-A25DDB38E003} = {7B784DA7-237D-4FF0-88C4-A25DDB38E003}
		{87EE9DA4-DE1E-4448-8324-183C98DCA588} = {87EE9DA4-DE1E-4448-8324-183C98DCA588}
		{753E897D-9ECE-42B1-9F0D-CD566775C77E} = {753E897D-9ECE-42B1-9F0D-CD566775C77E}
		{EAB0712E-7488-411E-AD16-B1C3D8558DBF} = {EAB0712E-7488-411E-AD16-B1C3D8558DBF}
	EndProjectSection
EndProject
Project("{8BC9CEB8-8B4A-11D0-8D11-00A0C91BC942}") = "boinc_api", "boinc_api.vcproj", "{6B2BC6FF-48AA-4209-8AF9-ABC7A151D3C2}"
EndProject
Project("{8BC9CEB8-8B4A-11D0-8D11-00A0C91BC942}") = "boinc_lib", "boinc_lib.vcproj", "{EAB0712E-7488-411E-AD16-B1C3D8558DBF}"
EndProject
Project("{8BC9CEB8-8B4A-11D0-8D11-00A0C91BC942}") = "libz", "..\..\zlib\projects\visualc6\zlib.vcproj", "{C9BA14EA-0D5A-422D-8A99-4914676968E1}"
EndProject
Project("{8BC9CEB8-8B4A-11D0-8D11-00A0C91BC942}") = "qcn_demo", "qcn_demo.vcproj", "{EE299890-E1D8-4A54-A0FC-CC6FA0BA187D}"
	ProjectSection(ProjectDependencies) = postProject
		{89F1CB05-73F7-4FDB-A99A-BF54A9BC6F26} = {89F1CB05-73F7-4FDB-A99A-BF54A9BC6F26}
		{6B2BC6FF-48AA-4209-8AF9-ABC7A151D3C2} = {6B2BC6FF-48AA-4209-8AF9-ABC7A151D3C2}
		{C9BA14EA-0D5A-422D-8A99-4914676968E1} = {C9BA14EA-0D5A-422D-8A99-4914676968E1}
		{7B784DA7-237D-4FF0-88C4-A25DDB38E003} = {7B784DA7-237D-4FF0-88C4-A25DDB38E003}
		{87EE9DA4-DE1E-4448-8324-183C98DCA588} = {87EE9DA4-DE1E-4448-8324-183C98DCA588}
		{753E897D-9ECE-42B1-9F0D-CD566775C77E} = {753E897D-9ECE-42B1-9F0D-CD566775C77E}
		{EAB0712E-7488-411E-AD16-B1C3D8558DBF} = {EAB0712E-7488-411E-AD16-B1C3D8558DBF}
		{B9EEE711-0151-444D-84DC-6A4C18411038} = {B9EEE711-0151-444D-84DC-6A4C18411038}
	EndProjectSection
EndProject
Project("{8BC9CEB8-8B4A-11D0-8D11-00A0C91BC942}") = "curllib", "..\..\curl\lib\curllib.vcproj", "{87EE9DA4-DE1E-4448-8324-183C98DCA588}"
EndProject
Project("{8BC9CEB8-8B4A-11D0-8D11-00A0C91BC942}") = "boinc_zip", "boinc_zip.vcproj", "{753E897D-9ECE-42B1-9F0D-CD566775C77E}"
EndProject
Project("{8BC9CEB8-8B4A-11D0-8D11-00A0C91BC942}") = "jpeglib", "jpeglib.vcproj", "{7B784DA7-237D-4FF0-88C4-A25DDB38E003}"
EndProject
Project("{8BC9CEB8-8B4A-11D0-8D11-00A0C91BC942}") = "qcnlive", "..\qcnlive\qcnwx.vcproj", "{3AD6C612-0036-4300-A532-8A76D1528876}"
	ProjectSection(ProjectDependencies) = postProject
		{EAB0712E-7488-411E-AD16-B1C3D8558DBF} = {EAB0712E-7488-411E-AD16-B1C3D8558DBF}
		{D26E8731-741C-45C5-B7E8-D1724CC3B1E1} = {D26E8731-741C-45C5-B7E8-D1724CC3B1E1}
		{6B2BC6FF-48AA-4209-8AF9-ABC7A151D3C2} = {6B2BC6FF-48AA-4209-8AF9-ABC7A151D3C2}
		{C9BA14EA-0D5A-422D-8A99-4914676968E1} = {C9BA14EA-0D5A-422D-8A99-4914676968E1}
		{7B784DA7-237D-4FF0-88C4-A25DDB38E003} = {7B784DA7-237D-4FF0-88C4-A25DDB38E003}
		{87EE9DA4-DE1E-4448-8324-183C98DCA588} = {87EE9DA4-DE1E-4448-8324-183C98DCA588}
		{753E897D-9ECE-42B1-9F0D-CD566775C77E} = {753E897D-9ECE-42B1-9F0D-CD566775C77E}
	EndProjectSection
EndProject
Project("{8BC9CEB8-8B4A-11D0-8D11-00A0C91BC942}") = "setwinver", "setwinver.vcproj", "{D26E8731-741C-45C5-B7E8-D1724CC3B1E1}"
	ProjectSection(ProjectDependencies) = postProject
		{6B2BC6FF-48AA-4209-8AF9-ABC7A151D3C2} = {6B2BC6FF-48AA-4209-8AF9-ABC7A151D3C2}
		{C9BA14EA-0D5A-422D-8A99-4914676968E1} = {C9BA14EA-0D5A-422D-8A99-4914676968E1}
		{7B784DA7-237D-4FF0-88C4-A25DDB38E003} = {7B784DA7-237D-4FF0-88C4-A25DDB38E003}
		{87EE9DA4-DE1E-4448-8324-183C98DCA588} = {87EE9DA4-DE1E-4448-8324-183C98DCA588}
		{753E897D-9ECE-42B1-9F0D-CD566775C77E} = {753E897D-9ECE-42B1-9F0D-CD566775C77E}
		{EAB0712E-7488-411E-AD16-B1C3D8558DBF} = {EAB0712E-7488-411E-AD16-B1C3D8558DBF}
	EndProjectSection
EndProject
Global
	GlobalSection(SolutionConfigurationPlatforms) = preSolution
		Debug|Win32 = Debug|Win32
		Debug|x64 = Debug|x64
		LIB Debug|Win32 = LIB Debug|Win32
		LIB Debug|x64 = LIB Debug|x64
		LIB Release|Win32 = LIB Release|Win32
		LIB Release|x64 = LIB Release|x64
		Release|Win32 = Release|Win32
		Release|x64 = Release|x64
	EndGlobalSection
	GlobalSection(ProjectConfigurationPlatforms) = postSolution
		{89F1CB05-73F7-4FDB-A99A-BF54A9BC6F26}.Debug|Win32.ActiveCfg = Debug|Win32
		{89F1CB05-73F7-4FDB-A99A-BF54A9BC6F26}.Debug|Win32.Build.0 = Debug|Win32
		{89F1CB05-73F7-4FDB-A99A-BF54A9BC6F26}.Debug|x64.ActiveCfg = Debug|Win32
		{89F1CB05-73F7-4FDB-A99A-BF54A9BC6F26}.LIB Debug|Win32.ActiveCfg = Debug|Win32
		{89F1CB05-73F7-4FDB-A99A-BF54A9BC6F26}.LIB Debug|Win32.Build.0 = Debug|Win32
		{89F1CB05-73F7-4FDB-A99A-BF54A9BC6F26}.LIB Debug|x64.ActiveCfg = Debug|Win32
		{89F1CB05-73F7-4FDB-A99A-BF54A9BC6F26}.LIB Release|Win32.ActiveCfg = Release|Win32
		{89F1CB05-73F7-4FDB-A99A-BF54A9BC6F26}.LIB Release|Win32.Build.0 = Release|Win32
		{89F1CB05-73F7-4FDB-A99A-BF54A9BC6F26}.LIB Release|x64.ActiveCfg = Release|Win32
		{89F1CB05-73F7-4FDB-A99A-BF54A9BC6F26}.Release|Win32.ActiveCfg = Release|Win32
		{89F1CB05-73F7-4FDB-A99A-BF54A9BC6F26}.Release|Win32.Build.0 = Release|Win32
		{89F1CB05-73F7-4FDB-A99A-BF54A9BC6F26}.Release|x64.ActiveCfg = Release|Win32
		{B9EEE711-0151-444D-84DC-6A4C18411038}.Debug|Win32.ActiveCfg = Debug|Win32
		{B9EEE711-0151-444D-84DC-6A4C18411038}.Debug|Win32.Build.0 = Debug|Win32
		{B9EEE711-0151-444D-84DC-6A4C18411038}.Debug|x64.ActiveCfg = Debug|Win32
		{B9EEE711-0151-444D-84DC-6A4C18411038}.LIB Debug|Win32.ActiveCfg = Debug|Win32
		{B9EEE711-0151-444D-84DC-6A4C18411038}.LIB Debug|Win32.Build.0 = Debug|Win32
		{B9EEE711-0151-444D-84DC-6A4C18411038}.LIB Debug|x64.ActiveCfg = Debug|Win32
		{B9EEE711-0151-444D-84DC-6A4C18411038}.LIB Release|Win32.ActiveCfg = Release|Win32
		{B9EEE711-0151-444D-84DC-6A4C18411038}.LIB Release|Win32.Build.0 = Release|Win32
		{B9EEE711-0151-444D-84DC-6A4C18411038}.LIB Release|x64.ActiveCfg = Release|Win32
		{B9EEE711-0151-444D-84DC-6A4C18411038}.Release|Win32.ActiveCfg = Release|Win32
		{B9EEE711-0151-444D-84DC-6A4C18411038}.Release|Win32.Build.0 = Release|Win32
		{B9EEE711-0151-444D-84DC-6A4C18411038}.Release|x64.ActiveCfg = Release|Win32
		{6B2BC6FF-48AA-4209-8AF9-ABC7A151D3C2}.Debug|Win32.ActiveCfg = Debug|Win32
		{6B2BC6FF-48AA-4209-8AF9-ABC7A151D3C2}.Debug|Win32.Build.0 = Debug|Win32
		{6B2BC6FF-48AA-4209-8AF9-ABC7A151D3C2}.Debug|x64.ActiveCfg = Debug|Win32
		{6B2BC6FF-48AA-4209-8AF9-ABC7A151D3C2}.LIB Debug|Win32.ActiveCfg = Debug|Win32
		{6B2BC6FF-48AA-4209-8AF9-ABC7A151D3C2}.LIB Debug|Win32.Build.0 = Debug|Win32
		{6B2BC6FF-48AA-4209-8AF9-ABC7A151D3C2}.LIB Debug|x64.ActiveCfg = Debug|Win32
		{6B2BC6FF-48AA-4209-8AF9-ABC7A151D3C2}.LIB Release|Win32.ActiveCfg = Release|Win32
		{6B2BC6FF-48AA-4209-8AF9-ABC7A151D3C2}.LIB Release|Win32.Build.0 = Release|Win32
		{6B2BC6FF-48AA-4209-8AF9-ABC7A151D3C2}.LIB Release|x64.ActiveCfg = Release|Win32
		{6B2BC6FF-48AA-4209-8AF9-ABC7A151D3C2}.Release|Win32.ActiveCfg = Release|Win32
		{6B2BC6FF-48AA-4209-8AF9-ABC7A151D3C2}.Release|Win32.Build.0 = Release|Win32
		{6B2BC6FF-48AA-4209-8AF9-ABC7A151D3C2}.Release|x64.ActiveCfg = Release|Win32
		{EAB0712E-7488-411E-AD16-B1C3D8558DBF}.Debug|Win32.ActiveCfg = Debug|Win32
		{EAB0712E-7488-411E-AD16-B1C3D8558DBF}.Debug|Win32.Build.0 = Debug|Win32
		{EAB0712E-7488-411E-AD16-B1C3D8558DBF}.Debug|x64.ActiveCfg = Debug|Win32
		{EAB0712E-7488-411E-AD16-B1C3D8558DBF}.LIB Debug|Win32.ActiveCfg = Debug|Win32
		{EAB0712E-7488-411E-AD16-B1C3D8558DBF}.LIB Debug|Win32.Build.0 = Debug|Win32
		{EAB0712E-7488-411E-AD16-B1C3D8558DBF}.LIB Debug|x64.ActiveCfg = Debug|Win32
		{EAB0712E-7488-411E-AD16-B1C3D8558DBF}.LIB Release|Win32.ActiveCfg = Release|Win32
		{EAB0712E-7488-411E-AD16-B1C3D8558DBF}.LIB Release|Win32.Build.0 = Release|Win32
		{EAB0712E-7488-411E-AD16-B1C3D8558DBF}.LIB Release|x64.ActiveCfg = Release|Win32
		{EAB0712E-7488-411E-AD16-B1C3D8558DBF}.Release|Win32.ActiveCfg = Release|Win32
		{EAB0712E-7488-411E-AD16-B1C3D8558DBF}.Release|Win32.Build.0 = Release|Win32
		{EAB0712E-7488-411E-AD16-B1C3D8558DBF}.Release|x64.ActiveCfg = Release|Win32
		{C9BA14EA-0D5A-422D-8A99-4914676968E1}.Debug|Win32.ActiveCfg = LIB Debug|Win32
		{C9BA14EA-0D5A-422D-8A99-4914676968E1}.Debug|Win32.Build.0 = LIB Debug|Win32
		{C9BA14EA-0D5A-422D-8A99-4914676968E1}.Debug|x64.ActiveCfg = hadgam1a x64 Debug|x64
		{C9BA14EA-0D5A-422D-8A99-4914676968E1}.Debug|x64.Build.0 = hadgam1a x64 Debug|x64
		{C9BA14EA-0D5A-422D-8A99-4914676968E1}.LIB Debug|Win32.ActiveCfg = LIB Debug|Win32
		{C9BA14EA-0D5A-422D-8A99-4914676968E1}.LIB Debug|Win32.Build.0 = LIB Debug|Win32
		{C9BA14EA-0D5A-422D-8A99-4914676968E1}.LIB Debug|x64.ActiveCfg = LIB Debug|x64
		{C9BA14EA-0D5A-422D-8A99-4914676968E1}.LIB Debug|x64.Build.0 = LIB Debug|x64
		{C9BA14EA-0D5A-422D-8A99-4914676968E1}.LIB Release|Win32.ActiveCfg = LIB Release|Win32
		{C9BA14EA-0D5A-422D-8A99-4914676968E1}.LIB Release|Win32.Build.0 = LIB Release|Win32
		{C9BA14EA-0D5A-422D-8A99-4914676968E1}.LIB Release|x64.ActiveCfg = LIB Release|x64
		{C9BA14EA-0D5A-422D-8A99-4914676968E1}.LIB Release|x64.Build.0 = LIB Release|x64
		{C9BA14EA-0D5A-422D-8A99-4914676968E1}.Release|Win32.ActiveCfg = LIB Release|Win32
		{C9BA14EA-0D5A-422D-8A99-4914676968E1}.Release|Win32.Build.0 = LIB Release|Win32
		{C9BA14EA-0D5A-422D-8A99-4914676968E1}.Release|x64.ActiveCfg = LIB ASM Release|x64
		{C9BA14EA-0D5A-422D-8A99-4914676968E1}.Release|x64.Build.0 = LIB ASM Release|x64
		{EE299890-E1D8-4A54-A0FC-CC6FA0BA187D}.Debug|Win32.ActiveCfg = Debug|Win32
		{EE299890-E1D8-4A54-A0FC-CC6FA0BA187D}.Debug|Win32.Build.0 = Debug|Win32
		{EE299890-E1D8-4A54-A0FC-CC6FA0BA187D}.Debug|x64.ActiveCfg = Debug|Win32
		{EE299890-E1D8-4A54-A0FC-CC6FA0BA187D}.LIB Debug|Win32.ActiveCfg = Debug|Win32
		{EE299890-E1D8-4A54-A0FC-CC6FA0BA187D}.LIB Debug|Win32.Build.0 = Debug|Win32
		{EE299890-E1D8-4A54-A0FC-CC6FA0BA187D}.LIB Debug|x64.ActiveCfg = Debug|Win32
		{EE299890-E1D8-4A54-A0FC-CC6FA0BA187D}.LIB Release|Win32.ActiveCfg = Release|Win32
		{EE299890-E1D8-4A54-A0FC-CC6FA0BA187D}.LIB Release|Win32.Build.0 = Release|Win32
		{EE299890-E1D8-4A54-A0FC-CC6FA0BA187D}.LIB Release|x64.ActiveCfg = Release|Win32
		{EE299890-E1D8-4A54-A0FC-CC6FA0BA187D}.Release|Win32.ActiveCfg = Release|Win32
		{EE299890-E1D8-4A54-A0FC-CC6FA0BA187D}.Release|Win32.Build.0 = Release|Win32
		{EE299890-E1D8-4A54-A0FC-CC6FA0BA187D}.Release|x64.ActiveCfg = Release|Win32
		{87EE9DA4-DE1E-4448-8324-183C98DCA588}.Debug|Win32.ActiveCfg = Debug|Win32
		{87EE9DA4-DE1E-4448-8324-183C98DCA588}.Debug|Win32.Build.0 = Debug|Win32
		{87EE9DA4-DE1E-4448-8324-183C98DCA588}.Debug|x64.ActiveCfg = Debug|Win32
		{87EE9DA4-DE1E-4448-8324-183C98DCA588}.LIB Debug|Win32.ActiveCfg = Debug|Win32
		{87EE9DA4-DE1E-4448-8324-183C98DCA588}.LIB Debug|Win32.Build.0 = Debug|Win32
		{87EE9DA4-DE1E-4448-8324-183C98DCA588}.LIB Debug|x64.ActiveCfg = Debug|Win32
		{87EE9DA4-DE1E-4448-8324-183C98DCA588}.LIB Release|Win32.ActiveCfg = Release|Win32
		{87EE9DA4-DE1E-4448-8324-183C98DCA588}.LIB Release|Win32.Build.0 = Release|Win32
		{87EE9DA4-DE1E-4448-8324-183C98DCA588}.LIB Release|x64.ActiveCfg = Release|Win32
		{87EE9DA4-DE1E-4448-8324-183C98DCA588}.Release|Win32.ActiveCfg = Release|Win32
		{87EE9DA4-DE1E-4448-8324-183C98DCA588}.Release|Win32.Build.0 = Release|Win32
		{87EE9DA4-DE1E-4448-8324-183C98DCA588}.Release|x64.ActiveCfg = Release|Win32
		{753E897D-9ECE-42B1-9F0D-CD566775C77E}.Debug|Win32.ActiveCfg = Debug|Win32
		{753E897D-9ECE-42B1-9F0D-CD566775C77E}.Debug|Win32.Build.0 = Debug|Win32
		{753E897D-9ECE-42B1-9F0D-CD566775C77E}.Debug|x64.ActiveCfg = Debug|Win32
		{753E897D-9ECE-42B1-9F0D-CD566775C77E}.LIB Debug|Win32.ActiveCfg = Debug|Win32
		{753E897D-9ECE-42B1-9F0D-CD566775C77E}.LIB Debug|Win32.Build.0 = Debug|Win32
		{753E897D-9ECE-42B1-9F0D-CD566775C77E}.LIB Debug|x64.ActiveCfg = Debug|Win32
		{753E897D-9ECE-42B1-9F0D-CD566775C77E}.LIB Release|Win32.ActiveCfg = Release|Win32
		{753E897D-9ECE-42B1-9F0D-CD566775C77E}.LIB Release|Win32.Build.0 = Release|Win32
		{753E897D-9ECE-42B1-9F0D-CD566775C77E}.LIB Release|x64.ActiveCfg = Release|Win32
		{753E897D-9ECE-42B1-9F0D-CD566775C77E}.Release|Win32.ActiveCfg = Release|Win32
		{753E897D-9ECE-42B1-9F0D-CD566775C77E}.Release|Win32.Build.0 = Release|Win32
		{753E897D-9ECE-42B1-9F0D-CD566775C77E}.Release|x64.ActiveCfg = Release|Win32
		{7B784DA7-237D-4FF0-88C4-A25DDB38E003}.Debug|Win32.ActiveCfg = Debug|Win32
		{7B784DA7-237D-4FF0-88C4-A25DDB38E003}.Debug|Win32.Build.0 = Debug|Win32
		{7B784DA7-237D-4FF0-88C4-A25DDB38E003}.Debug|x64.ActiveCfg = Debug|Win32
		{7B784DA7-237D-4FF0-88C4-A25DDB38E003}.LIB Debug|Win32.ActiveCfg = Debug|Win32
		{7B784DA7-237D-4FF0-88C4-A25DDB38E003}.LIB Debug|Win32.Build.0 = Debug|Win32
		{7B784DA7-237D-4FF0-88C4-A25DDB38E003}.LIB Debug|x64.ActiveCfg = Debug|Win32
		{7B784DA7-237D-4FF0-88C4-A25DDB38E003}.LIB Release|Win32.ActiveCfg = Release|Win32
		{7B784DA7-237D-4FF0-88C4-A25DDB38E003}.LIB Release|Win32.Build.0 = Release|Win32
		{7B784DA7-237D-4FF0-88C4-A25DDB38E003}.LIB Release|x64.ActiveCfg = Release|Win32
		{7B784DA7-237D-4FF0-88C4-A25DDB38E003}.Release|Win32.ActiveCfg = Release|Win32
		{7B784DA7-237D-4FF0-88C4-A25DDB38E003}.Release|Win32.Build.0 = Release|Win32
		{7B784DA7-237D-4FF0-88C4-A25DDB38E003}.Release|x64.ActiveCfg = Release|Win32
		{3AD6C612-0036-4300-A532-8A76D1528876}.Debug|Win32.ActiveCfg = Debug|Win32
		{3AD6C612-0036-4300-A532-8A76D1528876}.Debug|Win32.Build.0 = Debug|Win32
		{3AD6C612-0036-4300-A532-8A76D1528876}.Debug|x64.ActiveCfg = Debug|Win32
		{3AD6C612-0036-4300-A532-8A76D1528876}.LIB Debug|Win32.ActiveCfg = Debug|Win32
		{3AD6C612-0036-4300-A532-8A76D1528876}.LIB Debug|Win32.Build.0 = Debug|Win32
		{3AD6C612-0036-4300-A532-8A76D1528876}.LIB Debug|x64.ActiveCfg = Debug|Win32
		{3AD6C612-0036-4300-A532-8A76D1528876}.LIB Release|Win32.ActiveCfg = Release|Win32
		{3AD6C612-0036-4300-A532-8A76D1528876}.LIB Release|Win32.Build.0 = Release|Win32
		{3AD6C612-0036-4300-A532-8A76D1528876}.LIB Release|x64.ActiveCfg = Release|Win32
		{3AD6C612-0036-4300-A532-8A76D1528876}.Release|Win32.ActiveCfg = Release|Win32
		{3AD6C612-0036-4300-A532-8A76D1528876}.Release|Win32.Build.0 = Release|Win32
		{3AD6C612-0036-4300-A532-8A76D1528876}.Release|x64.ActiveCfg = Release|Win32
		{D26E8731-741C-45C5-B7E8-D1724CC3B1E1}.Debug|Win32.ActiveCfg = Debug|Win32
		{D26E8731-741C-45C5-B7E8-D1724CC3B1E1}.Debug|Win32.Build.0 = Debug|Win32
		{D26E8731-741C-45C5-B7E8-D1724CC3B1E1}.Debug|x64.ActiveCfg = Debug|Win32
		{D26E8731-741C-45C5-B7E8-D1724CC3B1E1}.LIB Debug|Win32.ActiveCfg = Debug|Win32
		{D26E8731-741C-45C5-B7E8-D1724CC3B1E1}.LIB Debug|Win32.Build.0 = Debug|Win32
		{D26E8731-741C-45C5-B7E8-D1724CC3B1E1}.LIB Debug|x64.ActiveCfg = Debug|Win32
		{D26E8731-741C-45C5-B7E8-D1724CC3B1E1}.LIB Release|Win32.ActiveCfg = Release|Win32
		{D26E8731-741C-45C5-B7E8-D1724CC3B1E1}.LIB Release|Win32.Build.0 = Release|Win32
		{D26E8731-741C-45C5-B7E8-D1724CC3B1E1}.LIB Release|x64.ActiveCfg = Release|Win32
		{D26E8731-741C-45C5-B7E8-D1724CC3B1E1}.Release|Win32.ActiveCfg = Release|Win32
		{D26E8731-741C-45C5-B7E8-D1724CC3B1E1}.Release|Win32.Build.0 = Release|Win32
		{D26E8731-741C-45C5-B7E8-D1724CC3B1E1}.Release|x64.ActiveCfg = Release|Win32
	EndGlobalSection
	GlobalSection(SolutionProperties) = preSolution
		HideSolutionNode = FALSE
	EndGlobalSection
EndGlobal
