// !$*UTF8*$!
{
	archiveVersion = 1;
	classes = {
	};
	objectVersion = 42;
	objects = {
		D7BA7D76DAB5DD13389D6332 = {
			buildActionMask = 2147483647;
			files = (
				);
			generatedFileNames = (
				);
			isa = PBXShellScriptBuildPhase;
			name = "Qt Qmake";
			neededFileNames = (
				);
			shellPath = "/bin/sh";
			shellScript = "make\ -C\ /Users/carlgt1/projects/qcn/client/qcnlive_qt\ -f\ \'QCNLive.xcodeproj/qt_makeqmake.mak\'";
		};
		5F02801ACF9C72A274A802D8 = {
			isa = PBXFileReference;
			name = "glwidget.cpp";
			path = "glwidget.cpp";
			refType = 4;
			lastKnownFileType = "sourcecode.cpp.cpp";
		};
		2E812FBC8E1A8F8CA0084814 = {
			fileRef = "5F02801ACF9C72A274A802D8";
			isa = PBXBuildFile;
			settings = {
				ATTRIBUTES = (
					);
			};
		};
		17F70FD7FAC30703194F950A = {
			isa = PBXFileReference;
			name = "qcnqt.cpp";
			path = "qcnqt.cpp";
			refType = 4;
			lastKnownFileType = "sourcecode.cpp.cpp";
		};
		F0FF6BCD7452D94EA0A7D4E4 = {
			fileRef = "17F70FD7FAC30703194F950A";
			isa = PBXBuildFile;
			settings = {
				ATTRIBUTES = (
					);
			};
		};
		AAC5D3BB2B45E06D7BEABBA5 = {
			isa = PBXFileReference;
			name = "myframe.cpp";
			path = "myframe.cpp";
			refType = 4;
			lastKnownFileType = "sourcecode.cpp.cpp";
		};
		55BAA308AFB2B93E05C799F0 = {
			fileRef = "AAC5D3BB2B45E06D7BEABBA5";
			isa = PBXBuildFile;
			settings = {
				ATTRIBUTES = (
					);
			};
		};
		C898033F47FD6C20E0A3C693 = {
			isa = PBXFileReference;
			name = "dlgsettings.cpp";
			path = "dlgsettings.cpp";
			refType = 4;
			lastKnownFileType = "sourcecode.cpp.cpp";
		};
		3171D0671AEB14E9C7824A23 = {
			fileRef = "C898033F47FD6C20E0A3C693";
			isa = PBXBuildFile;
			settings = {
				ATTRIBUTES = (
					);
			};
		};
		ED15BDF1BF982B560C3AE6FC = {
			isa = PBXFileReference;
			name = "qcn_shmem.cpp";
			path = "../main/qcn_shmem.cpp";
			refType = 4;
			lastKnownFileType = "sourcecode.cpp.cpp";
		};
		0DB57EBB13793F879545A446 = {
			fileRef = "ED15BDF1BF982B560C3AE6FC";
			isa = PBXBuildFile;
			settings = {
				ATTRIBUTES = (
					);
			};
		};
		73A3AF2E1B5C8E0CC5E3B85D = {
			isa = PBXFileReference;
			name = "qcn_thread_sensor.cpp";
			path = "../main/qcn_thread_sensor.cpp";
			refType = 4;
			lastKnownFileType = "sourcecode.cpp.cpp";
		};
		72375E4E7C74FBB09CB6784E = {
			fileRef = "73A3AF2E1B5C8E0CC5E3B85D";
			isa = PBXBuildFile;
			settings = {
				ATTRIBUTES = (
					);
			};
		};
		6E03E02AF4413E65097B0743 = {
			isa = PBXFileReference;
			name = "qcn_thread_sensor_util.cpp";
			path = "../main/qcn_thread_sensor_util.cpp";
			refType = 4;
			lastKnownFileType = "sourcecode.cpp.cpp";
		};
		A9A1D74DD0A869D237C7822F = {
			fileRef = "6E03E02AF4413E65097B0743";
			isa = PBXBuildFile;
			settings = {
				ATTRIBUTES = (
					);
			};
		};
		DB65E063F5624442D7B21082 = {
			isa = PBXFileReference;
			name = "qcn_thread_sensor_loop.cpp";
			path = "../main/qcn_thread_sensor_loop.cpp";
			refType = 4;
			lastKnownFileType = "sourcecode.cpp.cpp";
		};
		98B787B41F9A61B54BAE60D2 = {
			fileRef = "DB65E063F5624442D7B21082";
			isa = PBXBuildFile;
			settings = {
				ATTRIBUTES = (
					);
			};
		};
		7C710D6618AE89CA04D7C7DD = {
			isa = PBXFileReference;
			name = "qcn_thread_time.cpp";
			path = "../main/qcn_thread_time.cpp";
			refType = 4;
			lastKnownFileType = "sourcecode.cpp.cpp";
		};
		A4B45FAA0741C88F9973380C = {
			fileRef = "7C710D6618AE89CA04D7C7DD";
			isa = PBXBuildFile;
			settings = {
				ATTRIBUTES = (
					);
			};
		};
		BF44A226F82642BA4403C02B = {
			isa = PBXFileReference;
			name = "main.cpp";
			path = "../main/main.cpp";
			refType = 4;
			lastKnownFileType = "sourcecode.cpp.cpp";
		};
		BEDED976F515C7289AFF293C = {
			fileRef = "BF44A226F82642BA4403C02B";
			isa = PBXBuildFile;
			settings = {
				ATTRIBUTES = (
					);
			};
		};
		DE1D31CA413500D349EE841B = {
			isa = PBXFileReference;
			name = "cserialize.cpp";
			path = "../util/cserialize.cpp";
			refType = 4;
			lastKnownFileType = "sourcecode.cpp.cpp";
		};
		A167023E1610B93176391E6B = {
			fileRef = "DE1D31CA413500D349EE841B";
			isa = PBXBuildFile;
			settings = {
				ATTRIBUTES = (
					);
			};
		};
		11BA496981EA035DC6E7F83C = {
			isa = PBXFileReference;
			name = "sac.cpp";
			path = "../util/sac.cpp";
			refType = 4;
			lastKnownFileType = "sourcecode.cpp.cpp";
		};
		0BE13D8B23BD1C68BF7549D9 = {
			fileRef = "11BA496981EA035DC6E7F83C";
			isa = PBXBuildFile;
			settings = {
				ATTRIBUTES = (
					);
			};
		};
		3444B67FFAFE9202AAAD4E14 = {
			isa = PBXFileReference;
			name = "qcn_thread.cpp";
			path = "../util/qcn_thread.cpp";
			refType = 4;
			lastKnownFileType = "sourcecode.cpp.cpp";
		};
		F894B9197F723645438B7DBE = {
			fileRef = "3444B67FFAFE9202AAAD4E14";
			isa = PBXBuildFile;
			settings = {
				ATTRIBUTES = (
					);
			};
		};
		DF3446C929D30FB904FE57D1 = {
			isa = PBXFileReference;
			name = "trickleup.cpp";
			path = "../util/trickleup.cpp";
			refType = 4;
			lastKnownFileType = "sourcecode.cpp.cpp";
		};
		96E67CF4291DF859A5ABBC81 = {
			fileRef = "DF3446C929D30FB904FE57D1";
			isa = PBXBuildFile;
			settings = {
				ATTRIBUTES = (
					);
			};
		};
		3A9598F9D0008B7DC47F0F9B = {
			isa = PBXFileReference;
			name = "trickledown.cpp";
			path = "../util/trickledown.cpp";
			refType = 4;
			lastKnownFileType = "sourcecode.cpp.cpp";
		};
		CADAD7A45897992DC6074695 = {
			fileRef = "3A9598F9D0008B7DC47F0F9B";
			isa = PBXBuildFile;
			settings = {
				ATTRIBUTES = (
					);
			};
		};
		35A93F1DAC1A664E3D63A677 = {
			isa = PBXFileReference;
			name = "md5.cpp";
			path = "../util/md5.cpp";
			refType = 4;
			lastKnownFileType = "sourcecode.cpp.cpp";
		};
		6A2AF6F68B597F156601D131 = {
			fileRef = "35A93F1DAC1A664E3D63A677";
			isa = PBXBuildFile;
			settings = {
				ATTRIBUTES = (
					);
			};
		};
		12D3C4AA20A6B728E928AF59 = {
			isa = PBXFileReference;
			name = "execproc.cpp";
			path = "../util/execproc.cpp";
			refType = 4;
			lastKnownFileType = "sourcecode.cpp.cpp";
		};
		6A25F449CC27CB18D4D7A06B = {
			fileRef = "12D3C4AA20A6B728E928AF59";
			isa = PBXBuildFile;
			settings = {
				ATTRIBUTES = (
					);
			};
		};
		B2B22C9D62B81A59752EBA16 = {
			isa = PBXFileReference;
			name = "qcn_util.cpp";
			path = "../util/qcn_util.cpp";
			refType = 4;
			lastKnownFileType = "sourcecode.cpp.cpp";
		};
		AFF3B00634319D994AE79E3E = {
			fileRef = "B2B22C9D62B81A59752EBA16";
			isa = PBXBuildFile;
			settings = {
				ATTRIBUTES = (
					);
			};
		};
		40A4D687C2287AC419FAC700 = {
			isa = PBXFileReference;
			name = "qcn_signal.cpp";
			path = "../util/qcn_signal.cpp";
			refType = 4;
			lastKnownFileType = "sourcecode.cpp.cpp";
		};
		96BF91A9CF0B234343096FEC = {
			fileRef = "40A4D687C2287AC419FAC700";
			isa = PBXBuildFile;
			settings = {
				ATTRIBUTES = (
					);
			};
		};
		5D6609236C4E0569F9F39A95 = {
			isa = PBXFileReference;
			name = "qcn_curl.cpp";
			path = "../util/qcn_curl.cpp";
			refType = 4;
			lastKnownFileType = "sourcecode.cpp.cpp";
		};
		C0CD5B28B725F8F6FE4E1489 = {
			fileRef = "5D6609236C4E0569F9F39A95";
			isa = PBXBuildFile;
			settings = {
				ATTRIBUTES = (
					);
			};
		};
		D6557408E5BA68C1A60E3362 = {
			isa = PBXFileReference;
			name = "ttfont.cpp";
			path = "../util/ttfont.cpp";
			refType = 4;
			lastKnownFileType = "sourcecode.cpp.cpp";
		};
		B408B711EB2D48F038385D99 = {
			fileRef = "D6557408E5BA68C1A60E3362";
			isa = PBXBuildFile;
			settings = {
				ATTRIBUTES = (
					);
			};
		};
		847780EA26E6EE3E7E99F131 = {
			isa = PBXFileReference;
			name = "gzstream.cpp";
			path = "../util/gzstream.cpp";
			refType = 4;
			lastKnownFileType = "sourcecode.cpp.cpp";
		};
		6DDEC13267FA32BF3568A98F = {
			fileRef = "847780EA26E6EE3E7E99F131";
			isa = PBXBuildFile;
			settings = {
				ATTRIBUTES = (
					);
			};
		};
		EC81728B47CDD5B9E4954A66 = {
			isa = PBXFileReference;
			name = "csensor_mac_laptop.cpp";
			path = "../sensor/csensor_mac_laptop.cpp";
			refType = 4;
			lastKnownFileType = "sourcecode.cpp.cpp";
		};
		025CCCF290B69C830ED6CBE4 = {
			fileRef = "EC81728B47CDD5B9E4954A66";
			isa = PBXBuildFile;
			settings = {
				ATTRIBUTES = (
					);
			};
		};
		F9750758D0EC92FB41209DD6 = {
			isa = PBXFileReference;
			name = "csensor_usb_motionnodeaccel.cpp";
			path = "../sensor/csensor_usb_motionnodeaccel.cpp";
			refType = 4;
			lastKnownFileType = "sourcecode.cpp.cpp";
		};
		3C3F4C56CEAAC0EAA95ACCD6 = {
			fileRef = "F9750758D0EC92FB41209DD6";
			isa = PBXBuildFile;
			settings = {
				ATTRIBUTES = (
					);
			};
		};
		9B6843302E440676EF54364B = {
			isa = PBXFileReference;
			name = "csensor_mac_usb_onavi01.cpp";
			path = "../sensor/csensor_mac_usb_onavi01.cpp";
			refType = 4;
			lastKnownFileType = "sourcecode.cpp.cpp";
		};
		C0BD0840E3FDA17F69161649 = {
			fileRef = "9B6843302E440676EF54364B";
			isa = PBXBuildFile;
			settings = {
				ATTRIBUTES = (
					);
			};
		};
		990D508BE5BA379C8BE806DB = {
			isa = PBXFileReference;
			name = "csensor_mac_usb_jw.cpp";
			path = "../sensor/csensor_mac_usb_jw.cpp";
			refType = 4;
			lastKnownFileType = "sourcecode.cpp.cpp";
		};
		60DC741BBCE71E18518A0B34 = {
			fileRef = "990D508BE5BA379C8BE806DB";
			isa = PBXBuildFile;
			settings = {
				ATTRIBUTES = (
					);
			};
		};
		150BD64365F528156C445D09 = {
			isa = PBXFileReference;
			name = "csensor_mac_usb_jw24f14.cpp";
			path = "../sensor/csensor_mac_usb_jw24f14.cpp";
			refType = 4;
			lastKnownFileType = "sourcecode.cpp.cpp";
		};
		87A6AB48B3BEF56C4DE3CF21 = {
			fileRef = "150BD64365F528156C445D09";
			isa = PBXBuildFile;
			settings = {
				ATTRIBUTES = (
					);
			};
		};
		C8A92498BD15A5E58E97C2FD = {
			isa = PBXFileReference;
			name = "csensor.cpp";
			path = "../sensor/csensor.cpp";
			refType = 4;
			lastKnownFileType = "sourcecode.cpp.cpp";
		};
		C7F7A4212308D53008184DBB = {
			fileRef = "C8A92498BD15A5E58E97C2FD";
			isa = PBXBuildFile;
			settings = {
				ATTRIBUTES = (
					);
			};
		};
		BA4D71C29E14A5D230C7D405 = {
			isa = PBXFileReference;
			name = "qcn_graphics.cpp";
			path = "../graphics/qcn_graphics.cpp";
			refType = 4;
			lastKnownFileType = "sourcecode.cpp.cpp";
		};
		3719BFEE9F245FB274186909 = {
			fileRef = "BA4D71C29E14A5D230C7D405";
			isa = PBXBuildFile;
			settings = {
				ATTRIBUTES = (
					);
			};
		};
		78EB6090A2080F8DAA0A8A2C = {
			isa = PBXFileReference;
			name = "qcn_2dplot.cpp";
			path = "../graphics/qcn_2dplot.cpp";
			refType = 4;
			lastKnownFileType = "sourcecode.cpp.cpp";
		};
		44C796EE39420FB81C48361D = {
			fileRef = "78EB6090A2080F8DAA0A8A2C";
			isa = PBXBuildFile;
			settings = {
				ATTRIBUTES = (
					);
			};
		};
		514B45140FBAF53969785617 = {
			isa = PBXFileReference;
			name = "qcn_earth.cpp";
			path = "../graphics/qcn_earth.cpp";
			refType = 4;
			lastKnownFileType = "sourcecode.cpp.cpp";
		};
		CC6D1E155AC9BC75F6E3E6C9 = {
			fileRef = "514B45140FBAF53969785617";
			isa = PBXBuildFile;
			settings = {
				ATTRIBUTES = (
					);
			};
		};
		812848BDA5D22688B4D10CEE = {
			isa = PBXFileReference;
			name = "qcn_cube.cpp";
			path = "../graphics/qcn_cube.cpp";
			refType = 4;
			lastKnownFileType = "sourcecode.cpp.cpp";
		};
		525597CE0A9E7A82D55A8682 = {
			fileRef = "812848BDA5D22688B4D10CEE";
			isa = PBXBuildFile;
			settings = {
				ATTRIBUTES = (
					);
			};
		};
		6F1E47B893712D3C19D185CE = {
			isa = PBXFileReference;
			name = "nation_boundary.cpp";
			path = "../graphics/nation_boundary.cpp";
			refType = 4;
			lastKnownFileType = "sourcecode.cpp.cpp";
		};
		3A1936BCF2C3EDC07752A851 = {
			fileRef = "6F1E47B893712D3C19D185CE";
			isa = PBXBuildFile;
			settings = {
				ATTRIBUTES = (
					);
			};
		};
		CAFF9A79D4C2AA52D652FBF5 = {
			isa = PBXFileReference;
			name = "coastline.cpp";
			path = "../graphics/coastline.cpp";
			refType = 4;
			lastKnownFileType = "sourcecode.cpp.cpp";
		};
		E787E5A238BA6285376A73A9 = {
			fileRef = "CAFF9A79D4C2AA52D652FBF5";
			isa = PBXBuildFile;
			settings = {
				ATTRIBUTES = (
					);
			};
		};
		A707E66160789F5D53CCAE05 = {
			isa = PBXFileReference;
			name = "plate_boundary.cpp";
			path = "../graphics/plate_boundary.cpp";
			refType = 4;
			lastKnownFileType = "sourcecode.cpp.cpp";
		};
		AC7F097BAC3C8A08F668547E = {
			fileRef = "A707E66160789F5D53CCAE05";
			isa = PBXBuildFile;
			settings = {
				ATTRIBUTES = (
					);
			};
		};
		C0EB8683342791337DA18BF6 = {
			isa = PBXFileReference;
			name = "boinc_api.cpp";
			path = "../../../boinc/api/boinc_api.cpp";
			refType = 4;
			lastKnownFileType = "sourcecode.cpp.cpp";
		};
		57C157B84B279CC5E99E013D = {
			fileRef = "C0EB8683342791337DA18BF6";
			isa = PBXBuildFile;
			settings = {
				ATTRIBUTES = (
					);
			};
		};
		431ABE98020F2F1D87903C3D = {
			isa = PBXFileReference;
			name = "graphics2_util.cpp";
			path = "../../../boinc/api/graphics2_util.cpp";
			refType = 4;
			lastKnownFileType = "sourcecode.cpp.cpp";
		};
		970A69FFFC7DD2094525F9B7 = {
			fileRef = "431ABE98020F2F1D87903C3D";
			isa = PBXBuildFile;
			settings = {
				ATTRIBUTES = (
					);
			};
		};
		36A2D423B9A6B742AC8AE445 = {
			isa = PBXFileReference;
			name = "graphics2.cpp";
			path = "../../../boinc/api/graphics2.cpp";
			refType = 4;
			lastKnownFileType = "sourcecode.cpp.cpp";
		};
		57A0CB40D526476DC922016D = {
			fileRef = "36A2D423B9A6B742AC8AE445";
			isa = PBXBuildFile;
			settings = {
				ATTRIBUTES = (
					);
			};
		};
		B29DCF1B03A7966902122BA3 = {
			isa = PBXFileReference;
			name = "gutil.cpp";
			path = "../../../boinc/api/gutil.cpp";
			refType = 4;
			lastKnownFileType = "sourcecode.cpp.cpp";
		};
		E334A360727D5A5B2F0CB5D3 = {
			fileRef = "B29DCF1B03A7966902122BA3";
			isa = PBXBuildFile;
			settings = {
				ATTRIBUTES = (
					);
			};
		};
		1ACD3DB9687F6D9DF181BC4E = {
			isa = PBXFileReference;
			name = "texfont.cpp";
			path = "../../../boinc/api/texfont.cpp";
			refType = 4;
			lastKnownFileType = "sourcecode.cpp.cpp";
		};
		4C2DAEA861CFF7D9281F4210 = {
			fileRef = "1ACD3DB9687F6D9DF181BC4E";
			isa = PBXBuildFile;
			settings = {
				ATTRIBUTES = (
					);
			};
		};
		128E7FBA2C2C40A37C3767E6 = {
			isa = PBXFileReference;
			name = "texture.cpp";
			path = "../../../boinc/api/texture.cpp";
			refType = 4;
			lastKnownFileType = "sourcecode.cpp.cpp";
		};
		F5CE6DF52B8EED7F117C4956 = {
			fileRef = "128E7FBA2C2C40A37C3767E6";
			isa = PBXBuildFile;
			settings = {
				ATTRIBUTES = (
					);
			};
		};
		5C2920D1FE9777F5AC668DDA = {
			isa = PBXFileReference;
			name = "parse.cpp";
			path = "../../../boinc/lib/parse.cpp";
			refType = 4;
			lastKnownFileType = "sourcecode.cpp.cpp";
		};
		E906F51D5618567D35FD0A99 = {
			fileRef = "5C2920D1FE9777F5AC668DDA";
			isa = PBXBuildFile;
			settings = {
				ATTRIBUTES = (
					);
			};
		};
		1620D692D17BB40EBA2D1748 = {
			isa = PBXFileReference;
			name = "shmem.cpp";
			path = "../../../boinc/lib/shmem.cpp";
			refType = 4;
			lastKnownFileType = "sourcecode.cpp.cpp";
		};
		658320397392FB58E9B2A037 = {
			fileRef = "1620D692D17BB40EBA2D1748";
			isa = PBXBuildFile;
			settings = {
				ATTRIBUTES = (
					);
			};
		};
		DB0179E25922806813401580 = {
			isa = PBXFileReference;
			name = "str_util.cpp";
			path = "../../../boinc/lib/str_util.cpp";
			refType = 4;
			lastKnownFileType = "sourcecode.cpp.cpp";
		};
		F5042B54A3C182BA8C14E48D = {
			fileRef = "DB0179E25922806813401580";
			isa = PBXBuildFile;
			settings = {
				ATTRIBUTES = (
					);
			};
		};
		7840455E36943A1C84F331F4 = {
			isa = PBXFileReference;
			name = "util.cpp";
			path = "../../../boinc/lib/util.cpp";
			refType = 4;
			lastKnownFileType = "sourcecode.cpp.cpp";
		};
		A3E09F4A553F1A073B3ED8CC = {
			fileRef = "7840455E36943A1C84F331F4";
			isa = PBXBuildFile;
			settings = {
				ATTRIBUTES = (
					);
			};
		};
		04703FAE68B3DDC90E8B3A3A = {
			isa = PBXFileReference;
			name = "diagnostics.cpp";
			path = "../../../boinc/lib/diagnostics.cpp";
			refType = 4;
			lastKnownFileType = "sourcecode.cpp.cpp";
		};
		983FC6487CC1F579BBDE703D = {
			fileRef = "04703FAE68B3DDC90E8B3A3A";
			isa = PBXBuildFile;
			settings = {
				ATTRIBUTES = (
					);
			};
		};
		D7D382A31CE58506EC91860A = {
			isa = PBXFileReference;
			name = "filesys.cpp";
			path = "../../../boinc/lib/filesys.cpp";
			refType = 4;
			lastKnownFileType = "sourcecode.cpp.cpp";
		};
		C1214896E53817896BFA1DED = {
			fileRef = "D7D382A31CE58506EC91860A";
			isa = PBXBuildFile;
			settings = {
				ATTRIBUTES = (
					);
			};
		};
		4EC685AFA0EAE38FD064E89C = {
			isa = PBXFileReference;
			name = "mfile.cpp";
			path = "../../../boinc/lib/mfile.cpp";
			refType = 4;
			lastKnownFileType = "sourcecode.cpp.cpp";
		};
		F6C8BFE4B40102A82FEF168A = {
			fileRef = "4EC685AFA0EAE38FD064E89C";
			isa = PBXBuildFile;
			settings = {
				ATTRIBUTES = (
					);
			};
		};
		44CE251E39C7242C0BA10699 = {
			isa = PBXFileReference;
			name = "miofile.cpp";
			path = "../../../boinc/lib/miofile.cpp";
			refType = 4;
			lastKnownFileType = "sourcecode.cpp.cpp";
		};
		44D702301DEA4D8C6CD7AFA0 = {
			fileRef = "44CE251E39C7242C0BA10699";
			isa = PBXBuildFile;
			settings = {
				ATTRIBUTES = (
					);
			};
		};
		0470B1C1A326B211BEBFB78E = {
			isa = PBXFileReference;
			name = "app_ipc.cpp";
			path = "../../../boinc/lib/app_ipc.cpp";
			refType = 4;
			lastKnownFileType = "sourcecode.cpp.cpp";
		};
		5A4DF763DF3C11F4F0DCACE2 = {
			fileRef = "0470B1C1A326B211BEBFB78E";
			isa = PBXBuildFile;
			settings = {
				ATTRIBUTES = (
					);
			};
		};
		CBBE86EF15FC4FEE6C33BC53 = {
			isa = PBXFileReference;
			name = "hostinfo.cpp";
			path = "../../../boinc/lib/hostinfo.cpp";
			refType = 4;
			lastKnownFileType = "sourcecode.cpp.cpp";
		};
		F8122BE3C1E3804FED500C0A = {
			fileRef = "CBBE86EF15FC4FEE6C33BC53";
			isa = PBXBuildFile;
			settings = {
				ATTRIBUTES = (
					);
			};
		};
		5F39221FB57FE76C204B220F = {
			isa = PBXFileReference;
			name = "proxy_info.cpp";
			path = "../../../boinc/lib/proxy_info.cpp";
			refType = 4;
			lastKnownFileType = "sourcecode.cpp.cpp";
		};
		BE332336E9B2B299AE071584 = {
			fileRef = "5F39221FB57FE76C204B220F";
			isa = PBXBuildFile;
			settings = {
				ATTRIBUTES = (
					);
			};
		};
		A93ABBAEF6337DE40DED3112 = {
			isa = PBXFileReference;
			name = "prefs.cpp";
			path = "../../../boinc/lib/prefs.cpp";
			refType = 4;
			lastKnownFileType = "sourcecode.cpp.cpp";
		};
		A249398FC4BA57B1298BFB16 = {
			fileRef = "A93ABBAEF6337DE40DED3112";
			isa = PBXBuildFile;
			settings = {
				ATTRIBUTES = (
					);
			};
		};
		9F2C612FBE1E186ACB058A52 = {
			isa = PBXFileReference;
			name = "url.cpp";
			path = "../../../boinc/lib/url.cpp";
			refType = 4;
			lastKnownFileType = "sourcecode.cpp.cpp";
		};
		F481A4A12310BC20A1F4F5E6 = {
			fileRef = "9F2C612FBE1E186ACB058A52";
			isa = PBXBuildFile;
			settings = {
				ATTRIBUTES = (
					);
			};
		};
		3E2EC63BEE40C7A0CAF66700 = {
			isa = PBXFileReference;
			name = "coproc.cpp";
			path = "../../../boinc/lib/coproc.cpp";
			refType = 4;
			lastKnownFileType = "sourcecode.cpp.cpp";
		};
		0B6B8A70C5603C01B813B092 = {
			fileRef = "3E2EC63BEE40C7A0CAF66700";
			isa = PBXBuildFile;
			settings = {
				ATTRIBUTES = (
					);
			};
		};
		F5A7EA1FDA5150388C44CC44 = {
			isa = PBXFileReference;
			name = "mac_backtrace.cpp";
			path = "../../../boinc/lib/mac/mac_backtrace.cpp";
			refType = 4;
			lastKnownFileType = "sourcecode.cpp.cpp";
		};
		38E522A919313F3E2B869DB1 = {
			fileRef = "F5A7EA1FDA5150388C44CC44";
			isa = PBXBuildFile;
			settings = {
				ATTRIBUTES = (
					);
			};
		};
		317245C43BEB163FFB7BA1B1 = {
			isa = PBXFileReference;
			name = "QBacktrace.c";
			path = "../../../boinc/lib/mac/QBacktrace.c";
			refType = 4;
		};
		4A607293A46EBD3036543FCA = {
			fileRef = "317245C43BEB163FFB7BA1B1";
			isa = PBXBuildFile;
			settings = {
				ATTRIBUTES = (
					);
			};
		};
		8F50D0D2DEE339BA2C19B349 = {
			isa = PBXFileReference;
			name = "QCrashReport.c";
			path = "../../../boinc/lib/mac/QCrashReport.c";
			refType = 4;
		};
		414D2C668A894AAB7BA6F21C = {
			fileRef = "8F50D0D2DEE339BA2C19B349";
			isa = PBXBuildFile;
			settings = {
				ATTRIBUTES = (
					);
			};
		};
		F086733D96AA3E31F7438BEE = {
			isa = PBXFileReference;
			name = "QMachOImage.c";
			path = "../../../boinc/lib/mac/QMachOImage.c";
			refType = 4;
		};
		C6F9D17342613BB86102C76C = {
			fileRef = "F086733D96AA3E31F7438BEE";
			isa = PBXBuildFile;
			settings = {
				ATTRIBUTES = (
					);
			};
		};
		D63C7AE54E1DA4C196DB7B91 = {
			isa = PBXFileReference;
			name = "QMachOImageList.c";
			path = "../../../boinc/lib/mac/QMachOImageList.c";
			refType = 4;
		};
		900F1B259E4B82856EDC5CDC = {
			fileRef = "D63C7AE54E1DA4C196DB7B91";
			isa = PBXBuildFile;
			settings = {
				ATTRIBUTES = (
					);
			};
		};
		329172EA7726C0B50792BDF8 = {
			isa = PBXFileReference;
			name = "QSymbols.c";
			path = "../../../boinc/lib/mac/QSymbols.c";
			refType = 4;
		};
		DB55B43B0EF3FB671B7C18FE = {
			fileRef = "329172EA7726C0B50792BDF8";
			isa = PBXBuildFile;
			settings = {
				ATTRIBUTES = (
					);
			};
		};
		465FC9BCF3A49B220FDAECD4 = {
			isa = PBXFileReference;
			name = "QTaskMemory.c";
			path = "../../../boinc/lib/mac/QTaskMemory.c";
			refType = 4;
		};
		F0CD00F2A0B15A615DB1CEF0 = {
			fileRef = "465FC9BCF3A49B220FDAECD4";
			isa = PBXBuildFile;
			settings = {
				ATTRIBUTES = (
					);
			};
		};
		3411A051705CCB19DF1DA162 = {
			isa = PBXFileReference;
			name = "qcnmac.icns";
			path = "../../doc/qcnmac.icns";
			refType = 4;
		};
		33E999A96FC3D04732BA98F2 = {
			fileRef = "3411A051705CCB19DF1DA162";
			isa = PBXBuildFile;
			settings = {
				ATTRIBUTES = (
					);
			};
		};
		5CBE9B18237910C54B1894AA = {
			isa = PBXFileReference;
			name = "moc_qcnqt.cpp";
			path = "moc_qcnqt.cpp";
			refType = 4;
			lastKnownFileType = "sourcecode.cpp.cpp";
		};
		55EE4FAB020E7CC8C2617933 = {
			fileRef = "5CBE9B18237910C54B1894AA";
			isa = PBXBuildFile;
			settings = {
				ATTRIBUTES = (
					);
			};
		};
		24FC5F21B8D858EDB1CC09E6 = {
			isa = PBXFileReference;
			name = "moc_glwidget.cpp";
			path = "moc_glwidget.cpp";
			refType = 4;
			lastKnownFileType = "sourcecode.cpp.cpp";
		};
		3BBD6E3E630068B57C2CEC5B = {
			fileRef = "24FC5F21B8D858EDB1CC09E6";
			isa = PBXBuildFile;
			settings = {
				ATTRIBUTES = (
					);
			};
		};
		E24F3CA780209F58A9D75EB0 = {
			isa = PBXFileReference;
			name = "moc_myframe.cpp";
			path = "moc_myframe.cpp";
			refType = 4;
			lastKnownFileType = "sourcecode.cpp.cpp";
		};
		E87ECDCF58FDC2B1DA157BCC = {
			fileRef = "E24F3CA780209F58A9D75EB0";
			isa = PBXBuildFile;
			settings = {
				ATTRIBUTES = (
					);
			};
		};
		A967499CD85FEBAF97D10FD5 = {
			isa = PBXFileReference;
			name = "moc_dlgsettings.cpp";
			path = "moc_dlgsettings.cpp";
			refType = 4;
			lastKnownFileType = "sourcecode.cpp.cpp";
		};
		E4691640C717CF00C84F739A = {
			fileRef = "A967499CD85FEBAF97D10FD5";
			isa = PBXBuildFile;
			settings = {
				ATTRIBUTES = (
					);
			};
		};
		FDC7DED21F5E31EB2AF1B26A = {
			isa = PBXFileReference;
			name = "qcnqt.h";
			path = "qcnqt.h";
			refType = 4;
		};
		174B4969275AA57F83F57165 = {
			isa = PBXFileReference;
			name = "glwidget.h";
			path = "glwidget.h";
			refType = 4;
		};
		9360C082BB1E9191E72216B5 = {
			isa = PBXFileReference;
			name = "myframe.h";
			path = "myframe.h";
			refType = 4;
		};
		5304A65977DCB8F0A4FFAD28 = {
			isa = PBXFileReference;
			name = "dlgsettings.h";
			path = "dlgsettings.h";
			refType = 4;
		};
		CC21C3241233AEF9D80610DA = {
			isa = PBXFileReference;
			name = "qcnlive_define.h";
			path = "qcnlive_define.h";
			refType = 4;
		};
		389D844839024C27E3EE1BD6 = {
			isa = PBXFileReference;
			name = "icons.h";
			path = "icons.h";
			refType = 4;
		};
		76844FA38CC4181BFDA966B7 = {
			isa = PBXFileReference;
			name = "main.h";
			path = "../main/main.h";
			refType = 4;
		};
		C24041305030985A720A617D = {
			isa = PBXFileReference;
			name = "define.h";
			path = "../main/define.h";
			refType = 4;
		};
		A58E3F36C394208A8A93D3F1 = {
			isa = PBXFileReference;
			name = "QCNLive.pro";
			path = "QCNLive.pro";
			refType = 4;
		};
		883D7615C4D2DE3FA1218F12 = {
			isa = PBXGroup;
			children = (
				"FDC7DED21F5E31EB2AF1B26A",
				"174B4969275AA57F83F57165",
				"9360C082BB1E9191E72216B5",
				"5304A65977DCB8F0A4FFAD28",
				"CC21C3241233AEF9D80610DA",
				"389D844839024C27E3EE1BD6",
				"4458B98565818D7E2682FA2D");
			name = "Headers";
			refType = 4;
		};
		4458B98565818D7E2682FA2D = {
			isa = PBXGroup;
			children = (
				"E9573E0CC00160A0BBA7599D");
			name = "..";
			refType = 4;
		};
		E9573E0CC00160A0BBA7599D = {
			isa = PBXGroup;
			children = (
				"76844FA38CC4181BFDA966B7",
				"C24041305030985A720A617D");
			name = "main";
			refType = 4;
		};
		BFA3A29D17FD123C907B6E35 = {
			isa = PBXGroup;
			children = (
				"174AC5C013434B20F3F8526C",
				"8DFEB15B6DB5337E3B27B4C7",
				"B134B4613BC0573F04482C62",
				"224099E37BBC2C940B0B039A",
				"DCB318ABE7A96AA736975C2A");
			name = "..";
			refType = 4;
		};
		DCB318ABE7A96AA736975C2A = {
			isa = PBXGroup;
			children = (
				"BAC0ABD9910466047906DB39",
				"D1B75573E54D323ADC916C7F");
			name = "..";
			refType = 4;
		};
		BAC0ABD9910466047906DB39 = {
			isa = PBXGroup;
			children = (
				"729CF9F8FBC718B08A1322D6");
			name = "..";
			refType = 4;
		};
		729CF9F8FBC718B08A1322D6 = {
			isa = PBXGroup;
			children = (
				"5F0D578385CA1418B690AE8D",
				"25BC5A4F965B70F804A487CD");
			name = "boinc";
			refType = 4;
		};
		5F0D578385CA1418B690AE8D = {
			isa = PBXGroup;
			children = (
				"C0EB8683342791337DA18BF6",
				"431ABE98020F2F1D87903C3D",
				"36A2D423B9A6B742AC8AE445",
				"B29DCF1B03A7966902122BA3",
				"1ACD3DB9687F6D9DF181BC4E",
				"128E7FBA2C2C40A37C3767E6");
			name = "api";
			refType = 4;
		};
		25BC5A4F965B70F804A487CD = {
			isa = PBXGroup;
			children = (
				"5C2920D1FE9777F5AC668DDA",
				"1620D692D17BB40EBA2D1748",
				"DB0179E25922806813401580",
				"7840455E36943A1C84F331F4",
				"04703FAE68B3DDC90E8B3A3A",
				"D7D382A31CE58506EC91860A",
				"4EC685AFA0EAE38FD064E89C",
				"44CE251E39C7242C0BA10699",
				"0470B1C1A326B211BEBFB78E",
				"CBBE86EF15FC4FEE6C33BC53",
				"5F39221FB57FE76C204B220F",
				"A93ABBAEF6337DE40DED3112",
				"9F2C612FBE1E186ACB058A52",
				"3E2EC63BEE40C7A0CAF66700",
				"EF975EE89EC155475DAA652B");
			name = "lib";
			refType = 4;
		};
		EF975EE89EC155475DAA652B = {
			isa = PBXGroup;
			children = (
				"F5A7EA1FDA5150388C44CC44",
				"317245C43BEB163FFB7BA1B1",
				"8F50D0D2DEE339BA2C19B349",
				"F086733D96AA3E31F7438BEE",
				"D63C7AE54E1DA4C196DB7B91",
				"329172EA7726C0B50792BDF8",
				"465FC9BCF3A49B220FDAECD4");
			name = "mac";
			refType = 4;
		};
		D1B75573E54D323ADC916C7F = {
			isa = PBXGroup;
			children = (
				"3411A051705CCB19DF1DA162");
			name = "doc";
			refType = 4;
		};
		224099E37BBC2C940B0B039A = {
			isa = PBXGroup;
			children = (
				"BA4D71C29E14A5D230C7D405",
				"78EB6090A2080F8DAA0A8A2C",
				"514B45140FBAF53969785617",
				"812848BDA5D22688B4D10CEE",
				"6F1E47B893712D3C19D185CE",
				"CAFF9A79D4C2AA52D652FBF5",
				"A707E66160789F5D53CCAE05");
			name = "graphics";
			refType = 4;
		};
		174AC5C013434B20F3F8526C = {
			isa = PBXGroup;
			children = (
				"ED15BDF1BF982B560C3AE6FC",
				"73A3AF2E1B5C8E0CC5E3B85D",
				"6E03E02AF4413E65097B0743",
				"DB65E063F5624442D7B21082",
				"7C710D6618AE89CA04D7C7DD",
				"BF44A226F82642BA4403C02B");
			name = "main";
			refType = 4;
		};
		B134B4613BC0573F04482C62 = {
			isa = PBXGroup;
			children = (
				"EC81728B47CDD5B9E4954A66",
				"F9750758D0EC92FB41209DD6",
				"9B6843302E440676EF54364B",
				"990D508BE5BA379C8BE806DB",
				"150BD64365F528156C445D09",
				"C8A92498BD15A5E58E97C2FD");
			name = "sensor";
			refType = 4;
		};
		8DFEB15B6DB5337E3B27B4C7 = {
			isa = PBXGroup;
			children = (
				"DE1D31CA413500D349EE841B",
				"11BA496981EA035DC6E7F83C",
				"3444B67FFAFE9202AAAD4E14",
				"DF3446C929D30FB904FE57D1",
				"3A9598F9D0008B7DC47F0F9B",
				"35A93F1DAC1A664E3D63A677",
				"12D3C4AA20A6B728E928AF59",
				"B2B22C9D62B81A59752EBA16",
				"40A4D687C2287AC419FAC700",
				"5D6609236C4E0569F9F39A95",
				"D6557408E5BA68C1A60E3362",
				"847780EA26E6EE3E7E99F131");
			name = "util";
			refType = 4;
		};
		FB61758D0F0FDA4BA867C3D5 = {
			isa = PBXGroup;
			children = (
				"5F02801ACF9C72A274A802D8",
				"17F70FD7FAC30703194F950A",
				"AAC5D3BB2B45E06D7BEABBA5",
				"C898033F47FD6C20E0A3C693",
				"BFA3A29D17FD123C907B6E35");
			name = "Sources";
			refType = 4;
		};
		7CABE3C80E79AD2B307756D2 = {
			isa = PBXGroup;
			children = (
				"A58E3F36C394208A8A93D3F1");
			name = "Sources [qmake]";
			refType = 4;
		};
		46E892BBB6BB6952967E0561 = {
			isa = PBXGroup;
			children = (
				"5CBE9B18237910C54B1894AA",
				"24FC5F21B8D858EDB1CC09E6",
				"E24F3CA780209F58A9D75EB0",
				"A967499CD85FEBAF97D10FD5");
			name = "Temporary Sources";
			refType = 4;
		};
		A0A52A2ADF7A1E2A99738674 = {
			buildActionMask = 2147483647;
			files = (
				);
			generatedFileNames = (
				"2E812FBC8E1A8F8CA0084814",
				"F0FF6BCD7452D94EA0A7D4E4",
				"55BAA308AFB2B93E05C799F0",
				"3171D0671AEB14E9C7824A23",
				"0DB57EBB13793F879545A446",
				"72375E4E7C74FBB09CB6784E",
				"A9A1D74DD0A869D237C7822F",
				"98B787B41F9A61B54BAE60D2",
				"A4B45FAA0741C88F9973380C",
				"BEDED976F515C7289AFF293C",
				"A167023E1610B93176391E6B",
				"0BE13D8B23BD1C68BF7549D9",
				"F894B9197F723645438B7DBE",
				"96E67CF4291DF859A5ABBC81",
				"CADAD7A45897992DC6074695",
				"6A2AF6F68B597F156601D131",
				"6A25F449CC27CB18D4D7A06B",
				"AFF3B00634319D994AE79E3E",
				"96BF91A9CF0B234343096FEC",
				"C0CD5B28B725F8F6FE4E1489",
				"B408B711EB2D48F038385D99",
				"6DDEC13267FA32BF3568A98F",
				"025CCCF290B69C830ED6CBE4",
				"3C3F4C56CEAAC0EAA95ACCD6",
				"C0BD0840E3FDA17F69161649",
				"60DC741BBCE71E18518A0B34",
				"87A6AB48B3BEF56C4DE3CF21",
				"C7F7A4212308D53008184DBB",
				"3719BFEE9F245FB274186909",
				"44C796EE39420FB81C48361D",
				"CC6D1E155AC9BC75F6E3E6C9",
				"525597CE0A9E7A82D55A8682",
				"3A1936BCF2C3EDC07752A851",
				"E787E5A238BA6285376A73A9",
				"AC7F097BAC3C8A08F668547E",
				"57C157B84B279CC5E99E013D",
				"970A69FFFC7DD2094525F9B7",
				"57A0CB40D526476DC922016D",
				"E334A360727D5A5B2F0CB5D3",
				"4C2DAEA861CFF7D9281F4210",
				"F5CE6DF52B8EED7F117C4956",
				"E906F51D5618567D35FD0A99",
				"658320397392FB58E9B2A037",
				"F5042B54A3C182BA8C14E48D",
				"A3E09F4A553F1A073B3ED8CC",
				"983FC6487CC1F579BBDE703D",
				"C1214896E53817896BFA1DED",
				"F6C8BFE4B40102A82FEF168A",
				"44D702301DEA4D8C6CD7AFA0",
				"5A4DF763DF3C11F4F0DCACE2",
				"F8122BE3C1E3804FED500C0A",
				"BE332336E9B2B299AE071584",
				"A249398FC4BA57B1298BFB16",
				"F481A4A12310BC20A1F4F5E6",
				"0B6B8A70C5603C01B813B092",
				"38E522A919313F3E2B869DB1",
				"4A607293A46EBD3036543FCA",
				"414D2C668A894AAB7BA6F21C",
				"C6F9D17342613BB86102C76C",
				"900F1B259E4B82856EDC5CDC",
				"DB55B43B0EF3FB671B7C18FE",
				"F0CD00F2A0B15A615DB1CEF0",
				"55EE4FAB020E7CC8C2617933",
				"3BBD6E3E630068B57C2CEC5B",
				"E87ECDCF58FDC2B1DA157BCC",
				"E4691640C717CF00C84F739A");
			isa = PBXShellScriptBuildPhase;
			name = "Qt Preprocessors";
			neededFileNames = (
				"2E812FBC8E1A8F8CA0084814",
				"F0FF6BCD7452D94EA0A7D4E4",
				"55BAA308AFB2B93E05C799F0",
				"3171D0671AEB14E9C7824A23",
				"0DB57EBB13793F879545A446",
				"72375E4E7C74FBB09CB6784E",
				"A9A1D74DD0A869D237C7822F",
				"98B787B41F9A61B54BAE60D2",
				"A4B45FAA0741C88F9973380C",
				"BEDED976F515C7289AFF293C",
				"A167023E1610B93176391E6B",
				"0BE13D8B23BD1C68BF7549D9",
				"F894B9197F723645438B7DBE",
				"96E67CF4291DF859A5ABBC81",
				"CADAD7A45897992DC6074695",
				"6A2AF6F68B597F156601D131",
				"6A25F449CC27CB18D4D7A06B",
				"AFF3B00634319D994AE79E3E",
				"96BF91A9CF0B234343096FEC",
				"C0CD5B28B725F8F6FE4E1489",
				"B408B711EB2D48F038385D99",
				"6DDEC13267FA32BF3568A98F",
				"025CCCF290B69C830ED6CBE4",
				"3C3F4C56CEAAC0EAA95ACCD6",
				"C0BD0840E3FDA17F69161649",
				"60DC741BBCE71E18518A0B34",
				"87A6AB48B3BEF56C4DE3CF21",
				"C7F7A4212308D53008184DBB",
				"3719BFEE9F245FB274186909",
				"44C796EE39420FB81C48361D",
				"CC6D1E155AC9BC75F6E3E6C9",
				"525597CE0A9E7A82D55A8682",
				"3A1936BCF2C3EDC07752A851",
				"E787E5A238BA6285376A73A9",
				"AC7F097BAC3C8A08F668547E",
				"57C157B84B279CC5E99E013D",
				"970A69FFFC7DD2094525F9B7",
				"57A0CB40D526476DC922016D",
				"E334A360727D5A5B2F0CB5D3",
				"4C2DAEA861CFF7D9281F4210",
				"F5CE6DF52B8EED7F117C4956",
				"E906F51D5618567D35FD0A99",
				"658320397392FB58E9B2A037",
				"F5042B54A3C182BA8C14E48D",
				"A3E09F4A553F1A073B3ED8CC",
				"983FC6487CC1F579BBDE703D",
				"C1214896E53817896BFA1DED",
				"F6C8BFE4B40102A82FEF168A",
				"44D702301DEA4D8C6CD7AFA0",
				"5A4DF763DF3C11F4F0DCACE2",
				"F8122BE3C1E3804FED500C0A",
				"BE332336E9B2B299AE071584",
				"A249398FC4BA57B1298BFB16",
				"F481A4A12310BC20A1F4F5E6",
				"0B6B8A70C5603C01B813B092",
				"38E522A919313F3E2B869DB1",
				"4A607293A46EBD3036543FCA",
				"414D2C668A894AAB7BA6F21C",
				"C6F9D17342613BB86102C76C",
				"900F1B259E4B82856EDC5CDC",
				"DB55B43B0EF3FB671B7C18FE",
				"F0CD00F2A0B15A615DB1CEF0",
				"55EE4FAB020E7CC8C2617933",
				"3BBD6E3E630068B57C2CEC5B",
				"E87ECDCF58FDC2B1DA157BCC",
				"E4691640C717CF00C84F739A");
			shellPath = "/bin/sh";
			shellScript = "make\ -C\ /Users/carlgt1/projects/qcn/client/qcnlive_qt\ -f\ \'QCNLive.xcodeproj/qt_preprocess.mak\'";
		};
		C29B8785722055ED95EF7B57 = {
			buildActionMask = 2147483647;
			files = (
				"2E812FBC8E1A8F8CA0084814",
				"F0FF6BCD7452D94EA0A7D4E4",
				"55BAA308AFB2B93E05C799F0",
				"3171D0671AEB14E9C7824A23",
				"0DB57EBB13793F879545A446",
				"72375E4E7C74FBB09CB6784E",
				"A9A1D74DD0A869D237C7822F",
				"98B787B41F9A61B54BAE60D2",
				"A4B45FAA0741C88F9973380C",
				"BEDED976F515C7289AFF293C",
				"A167023E1610B93176391E6B",
				"0BE13D8B23BD1C68BF7549D9",
				"F894B9197F723645438B7DBE",
				"96E67CF4291DF859A5ABBC81",
				"CADAD7A45897992DC6074695",
				"6A2AF6F68B597F156601D131",
				"6A25F449CC27CB18D4D7A06B",
				"AFF3B00634319D994AE79E3E",
				"96BF91A9CF0B234343096FEC",
				"C0CD5B28B725F8F6FE4E1489",
				"B408B711EB2D48F038385D99",
				"6DDEC13267FA32BF3568A98F",
				"025CCCF290B69C830ED6CBE4",
				"3C3F4C56CEAAC0EAA95ACCD6",
				"C0BD0840E3FDA17F69161649",
				"60DC741BBCE71E18518A0B34",
				"87A6AB48B3BEF56C4DE3CF21",
				"C7F7A4212308D53008184DBB",
				"3719BFEE9F245FB274186909",
				"44C796EE39420FB81C48361D",
				"CC6D1E155AC9BC75F6E3E6C9",
				"525597CE0A9E7A82D55A8682",
				"3A1936BCF2C3EDC07752A851",
				"E787E5A238BA6285376A73A9",
				"AC7F097BAC3C8A08F668547E",
				"57C157B84B279CC5E99E013D",
				"970A69FFFC7DD2094525F9B7",
				"57A0CB40D526476DC922016D",
				"E334A360727D5A5B2F0CB5D3",
				"4C2DAEA861CFF7D9281F4210",
				"F5CE6DF52B8EED7F117C4956",
				"E906F51D5618567D35FD0A99",
				"658320397392FB58E9B2A037",
				"F5042B54A3C182BA8C14E48D",
				"A3E09F4A553F1A073B3ED8CC",
				"983FC6487CC1F579BBDE703D",
				"C1214896E53817896BFA1DED",
				"F6C8BFE4B40102A82FEF168A",
				"44D702301DEA4D8C6CD7AFA0",
				"5A4DF763DF3C11F4F0DCACE2",
				"F8122BE3C1E3804FED500C0A",
				"BE332336E9B2B299AE071584",
				"A249398FC4BA57B1298BFB16",
				"F481A4A12310BC20A1F4F5E6",
				"0B6B8A70C5603C01B813B092",
				"38E522A919313F3E2B869DB1",
				"4A607293A46EBD3036543FCA",
				"414D2C668A894AAB7BA6F21C",
				"C6F9D17342613BB86102C76C",
				"900F1B259E4B82856EDC5CDC",
				"DB55B43B0EF3FB671B7C18FE",
				"F0CD00F2A0B15A615DB1CEF0",
				"55EE4FAB020E7CC8C2617933",
				"3BBD6E3E630068B57C2CEC5B",
				"E87ECDCF58FDC2B1DA157BCC",
				"E4691640C717CF00C84F739A");
			isa = PBXSourcesBuildPhase;
			name = "Build Sources";
		};
		B41DB44ED1FE16D3A80D5696 = {
			isa = PBXFrameworkReference;
			name = "IOKit.framework";
			path = "/System/Library/Frameworks/IOKit.framework";
			refType = 0;
		};
		E8B9F0C58A5A7125FD5B79D3 = {
			fileRef = "B41DB44ED1FE16D3A80D5696";
			isa = PBXBuildFile;
			settings = {
			};
		};
		DA138F75C9F545CDAE7FB264 = {
			isa = PBXFrameworkReference;
			name = "Carbon.framework";
			path = "/System/Library/Frameworks/Carbon.framework";
			refType = 0;
		};
		C8FD4A1AAA37CF2CA2824CCF = {
			fileRef = "DA138F75C9F545CDAE7FB264";
			isa = PBXBuildFile;
			settings = {
			};
		};
		910F3CDDAC84F23FCC42F6BE = {
			isa = PBXFileReference;
			name = "boinc_zip";
			path = "../mac_build/libboinc_zip.a";
			refType = 4;
		};
		B22A9AEFE15D8FD9C4403B99 = {
			fileRef = "910F3CDDAC84F23FCC42F6BE";
			isa = PBXBuildFile;
			settings = {
			};
		};
		DF185A2B36F50D644A4FE3C8 = {
			isa = PBXFileReference;
			name = "jpeg-universal";
			path = "../mac_build/libjpeg-universal.a";
			refType = 4;
		};
		E2716A181A38026B9338F465 = {
			fileRef = "DF185A2B36F50D644A4FE3C8";
			isa = PBXBuildFile;
			settings = {
			};
		};
		CBC834D798404DDE42DF1A31 = {
			isa = PBXFileReference;
			name = "curl-universal";
			path = "../mac_build/libcurl-universal.a";
			refType = 4;
		};
		2F7A941326358F03CCD93237 = {
			fileRef = "CBC834D798404DDE42DF1A31";
			isa = PBXBuildFile;
			settings = {
			};
		};
		56AC31C7FFE6B1646C5B875E = {
			isa = PBXFileReference;
			name = "z-universal";
			path = "../mac_build/libz-universal.a";
			refType = 4;
		};
		2694CAA4DD56AFC7E26BF00A = {
			fileRef = "56AC31C7FFE6B1646C5B875E";
			isa = PBXBuildFile;
			settings = {
			};
		};
		2E86539B1334735229980C99 = {
			isa = PBXFileReference;
			name = "freetype-universal";
			path = "../mac_build/libfreetype-universal.a";
			refType = 4;
		};
		67B6E6CB2B97255DCC5212B8 = {
			fileRef = "2E86539B1334735229980C99";
			isa = PBXBuildFile;
			settings = {
			};
		};
		090F09679E677D295ECC01EA = {
			isa = PBXFileReference;
			name = "ftgl-universal";
			path = "../mac_build/libftgl-universal.a";
			refType = 4;
		};
		48118D5E3A3987BF3F5161A6 = {
			fileRef = "090F09679E677D295ECC01EA";
			isa = PBXBuildFile;
			settings = {
			};
		};
		C374004D45E01156F931B37D = {
			isa = PBXFrameworkReference;
			name = "QtOpenGL.framework";
			path = "/Library/Frameworks/QtOpenGL.framework";
			refType = 0;
		};
		450A0D11527AF164AEFE7377 = {
			fileRef = "C374004D45E01156F931B37D";
			isa = PBXBuildFile;
			settings = {
			};
		};
		9B36DA7E32F0304E780E7972 = {
			isa = PBXFrameworkReference;
			name = "QtGui.framework";
			path = "/Library/Frameworks/QtGui.framework";
			refType = 0;
		};
		501667F26B3C1FF6767A7C12 = {
			fileRef = "9B36DA7E32F0304E780E7972";
			isa = PBXBuildFile;
			settings = {
			};
		};
		7BC2E65A5E699A5E5D834CA2 = {
			isa = PBXFrameworkReference;
			name = "QtCore.framework";
			path = "/Library/Frameworks/QtCore.framework";
			refType = 0;
		};
		069D05B0128AE5DC7EE31738 = {
			fileRef = "7BC2E65A5E699A5E5D834CA2";
			isa = PBXBuildFile;
			settings = {
			};
		};
		DA18A6831232F53228631AD1 = {
			isa = PBXFrameworkReference;
			name = "OpenGL.framework";
			path = "/System/Library/Frameworks/OpenGL.framework";
			refType = 0;
		};
		BCEF71E1EDFB18DA77DC750B = {
			fileRef = "DA18A6831232F53228631AD1";
			isa = PBXBuildFile;
			settings = {
			};
		};
		C6766F86E49E9C8701C8E637 = {
			isa = PBXFrameworkReference;
			name = "AGL.framework";
			path = "/System/Library/Frameworks/AGL.framework";
			refType = 0;
		};
		0C6D4628EE0B0D1479A20551 = {
			fileRef = "C6766F86E49E9C8701C8E637";
			isa = PBXBuildFile;
			settings = {
			};
		};
		ED1E82605DD74B483AF3C982 = {
			children = (
				"B41DB44ED1FE16D3A80D5696",
				"DA138F75C9F545CDAE7FB264",
				"910F3CDDAC84F23FCC42F6BE",
				"DF185A2B36F50D644A4FE3C8",
				"CBC834D798404DDE42DF1A31",
				"56AC31C7FFE6B1646C5B875E",
				"2E86539B1334735229980C99",
				"090F09679E677D295ECC01EA",
				"C374004D45E01156F931B37D",
				"9B36DA7E32F0304E780E7972",
				"7BC2E65A5E699A5E5D834CA2",
				"DA18A6831232F53228631AD1",
				"C6766F86E49E9C8701C8E637");
			isa = PBXGroup;
			name = "External Frameworks and Libraries";
			path = "";
			refType = 4;
		};
		2A1043669E6E5A7426EA502A = {
			buildActionMask = 2147483647;
			files = (
				"E8B9F0C58A5A7125FD5B79D3",
				"C8FD4A1AAA37CF2CA2824CCF",
				"B22A9AEFE15D8FD9C4403B99",
				"E2716A181A38026B9338F465",
				"2F7A941326358F03CCD93237",
				"2694CAA4DD56AFC7E26BF00A",
				"67B6E6CB2B97255DCC5212B8",
				"48118D5E3A3987BF3F5161A6",
				"450A0D11527AF164AEFE7377",
				"501667F26B3C1FF6767A7C12",
				"069D05B0128AE5DC7EE31738",
				"BCEF71E1EDFB18DA77DC750B",
				"0C6D4628EE0B0D1479A20551");
			isa = PBXFrameworksBuildPhase;
			name = "Frameworks & Libraries";
		};
		3787F99312C85FF0073FD7BA = {
			buildActionMask = 2147483647;
			files = (
				D2D49FFB5A5985791D65C1DB,
			);
			isa = PBXResourcesBuildPhase;
			name = "Bundle Resources";
		};
		F6069D5A5DA8AA28EDB8B3C6 = {
			name = "Project Copy";
			buildActionMask = 2147483647;
			dstPath = "/Users/carlgt1/projects/qcn/client/qcnlive_qt";
			dstSubfolderSpec = 0;
			files = (
"07E0DFA73EB56DCB9E28CDD9");
			isa = PBXCopyFilesBuildPhase;
			runOnlyForDeploymentPostprocessing = 0;
		};
		07E0DFA73EB56DCB9E28CDD9 = {
			fileRef = "7425834041B2339D6FD21CBD";
			isa = PBXBuildFile;
			settings = {
			};
		};
		05596AB53D8D521C69802C27 = {
			children = (
				"FB61758D0F0FDA4BA867C3D5",
				"46E892BBB6BB6952967E0561",
				"883D7615C4D2DE3FA1218F12",
				"7CABE3C80E79AD2B307756D2",
				"ED1E82605DD74B483AF3C982");
			isa = PBXGroup;
			name = "QCNLive";
			path = "";
			refType = 4;
		};
		7425834041B2339D6FD21CBD = {
			isa = PBXFileReference;
			explicitFileType = "wrapper.application";
			path = "QCNLive.app";
			refType = 3;
			sourceTree = BUILT_PRODUCTS_DIR;
		};
		068F80C7519D0528FB08E821 = {
			children = (
				"7425834041B2339D6FD21CBD");
			isa = PBXGroup;
			name = "Products";
			refType = 4;
		};
		B1E56B9E0881E5027F4AEEAF = {
			buildPhases = (
				"D7BA7D76DAB5DD13389D6332",
				"A0A52A2ADF7A1E2A99738674",
				"F6069D5A5DA8AA28EDB8B3C6",
				"C29B8785722055ED95EF7B57",
				"2A1043669E6E5A7426EA502A",
				"3787F99312C85FF0073FD7BA");
			buildSettings = {
				HEADER_SEARCH_PATHS = (
					"/Library/Frameworks/QtCore.framework/Versions/4/Headers",
					"/usr/include/QtCore",
					"/Library/Frameworks/QtGui.framework/Versions/4/Headers",
					"/usr/include/QtGui",
					"/Library/Frameworks/QtOpenGL.framework/Versions/4/Headers",
					"/usr/include/QtOpenGL",
					"/usr/include",
					"../../../qcn",
					"../../jpeg-6b",
					"/Users/carlgt1/projects/qcn/zlib",
					"/Users/carlgt1/projects/qcn/curl/include",
					"../main",
					"../sensor",
					"../util",
					"../../../boinc/lib",
					"../../../boinc/api",
					"../../../boinc/zip",
					"../graphics",
					"/System/Library/Frameworks/OpenGL.framework/Versions/A/Headers",
					"/System/Library/Frameworks/AGL.framework/Headers",
					".",
					"/usr/local/include",
					"/System/Library/Frameworks/CarbonCore.framework/Headers",
					"/usr/local/Qt4.7/mkspecs/macx-xcode");
				LIBRARY_SEARCH_PATHS = (
					"/Library/Frameworks",
					"/System/Library/Frameworks/",
					"/Users/carlgt1/projects/qcn/client/mac_build",
					"/tmp/qt-stuff-70447/source/qt-everywhere-opensource-src-4.7.0/lib");
				OPTIMIZATION_CFLAGS = (
					);
				OTHER_CFLAGS = (
					"-pipe",
					"-Wno-deprecated",
					"-D_DEBUG",
					"-g",
					"-O0",
					"-Wall",
					"-W",
					"-D_USE_NTPDATE_EXEC_",
					"-DQCNLIVE",
					"-DGRAPHICS_PROGRAM",
					"-DAPP_GRAPHICS",
					"-D_ZLIB",
					"-DQCN",
					"-D_THREAD_SAFE",
					"-DCURL_STATICLIB",
					"-D_ZLIB",
					"-DQT_OPENGL_LIB",
					"-DQT_GUI_LIB",
					"-DQT_CORE_LIB",
					"-DQT_SHARED");
				OTHER_CPLUSPLUSFLAGS = (
					"-pipe",
					"-Wno-deprecated",
					"-D_DEBUG",
					"-g",
					"-O0",
					"-Wall",
					"-W",
					"-D_USE_NTPDATE_EXEC_",
					"-DQCNLIVE",
					"-DGRAPHICS_PROGRAM",
					"-DAPP_GRAPHICS",
					"-D_ZLIB",
					"-DQCN",
					"-D_THREAD_SAFE",
					"-DCURL_STATICLIB",
					"-D_ZLIB",
					"-DQT_OPENGL_LIB",
					"-DQT_GUI_LIB",
					"-DQT_CORE_LIB",
					"-DQT_SHARED");
				LEXFLAGS = "";
				YACCFLAGS = "-d";
				OTHER_REZFLAGS = "";
				SECTORDER_FLAGS = "";
				WARNING_CFLAGS = "";
				PREBINDING = NO;
				INFOPLIST_FILE = "Info.plist";
				BUILD_ROOT = "/Users/carlgt1/projects/qcn/client/qcnlive_qt";
				OTHER_LDFLAGS = (
						"-headerpad_max_install_names",
						"-L/Library/Frameworks",
						"-F/Library/Frameworks",
						"-L/Users/carlgt1/projects/qcn/client/mac_build",
						"-L/tmp/qt-stuff-70447/source/qt-everywhere-opensource-src-4.7.0/lib",
						"-F/tmp/qt-stuff-70447/source/qt-everywhere-opensource-src-4.7.0/lib");
				DYLIB_CURRENT_VERSION = "1.0.0";
				DYLIB_COMPATIBILITY_VERSION = "1.0";
				MACOSX_DEPLOYMENT_TARGET = "10.4";
				ARCHS = "i386   ppc";
				PRODUCT_NAME = "QCNLive";
			};
			conditionalBuildSettings = {
			};
			dependencies = (
				);
			productReference = "7425834041B2339D6FD21CBD";
			shouldUseHeadermap = 1;
			isa = PBXNativeTarget;
			productType = "com.apple.product-type.application";
			productSettingsXML = "<?xml version=\"1.0\" encoding=\"UTF-8\"?>
<!DOCTYPE plist SYSTEM \"file://localhost/System/Library/DTDs/PropertyList.dtd\">
<plist version=\"0.9\">
<dict>
	<key>CFBundleIconFile</key>
	<string>qcnmac.icns</string>
	<key>CFBundlePackageType</key>
	<string>APPL</string>
    <key>CFBundleGetInfoString</key>
	<string>Created by Qt/QMake and Carl Christensen</string>
	<key>CFBundleSignature</key>
	<string>QCNL</string>
	<key>CFBundleExecutable</key>
	<string>QCNLive</string>
	<key>CFBundleIdentifier</key>
	<string>edu.stanford.qcn.QCNLive</string>
</dict>
</plist>
";
			name = "QCNLive";
			productName = "QCNLive";
			startupPath = "<<ProjectDirectory>>";
		};
		8DB1DD96F65B1BF1FFC506E0 = {
			isa = XCBuildConfiguration;
			buildSettings = {
				COPY_PHASE_STRIP = "NO";
				GCC_GENERATE_DEBUGGING_SYMBOLS = "YES";
				GCC_OPTIMIZATION_LEVEL = "0";
				SDKROOT = "/Developer/SDKs/MacOSX10.4u.sdk";
			};
			name = "Debug";
		};
		2C641C3335766025DD51B7BD = {
			buildRules = (
				);
			buildSettings = {
				COPY_PHASE_STRIP = "NO";
				GCC_GENERATE_DEBUGGING_SYMBOLS = "YES";
				GCC_OPTIMIZATION_LEVEL = "0";
				SDKROOT = "/Developer/SDKs/MacOSX10.4u.sdk";
			};
			isa = "PBXBuildStyle";
			name = "Debug";
		};
		95E1EB2E5DDD587BE5B3E548 = {
			isa = XCBuildConfiguration;
			buildSettings = {
				COPY_PHASE_STRIP = "YES";
				GCC_GENERATE_DEBUGGING_SYMBOLS = "NO";
				SDKROOT = "/Developer/SDKs/MacOSX10.4u.sdk";
			};
			name = "Release";
		};
		26DE8D2AEA4B3714B41E931F = {
			buildRules = (
				);
			buildSettings = {
				COPY_PHASE_STRIP = "YES";
				GCC_GENERATE_DEBUGGING_SYMBOLS = "NO";
				SDKROOT = "/Developer/SDKs/MacOSX10.4u.sdk";
			};
			isa = "PBXBuildStyle";
			name = "Release";
		};
		2A951308CDB28F104D0A4BD2 = {
			isa = XCConfigurationList;
			buildConfigurations = (
				"8DB1DD96F65B1BF1FFC506E0",
				"95E1EB2E5DDD587BE5B3E548");
			defaultConfigurationIsVisible = 0;
			defaultConfigurationIsName = "Debug";
		};
		91B15E841AA80083484172DE = {
			buildStyles = (
				"2C641C3335766025DD51B7BD",
				"26DE8D2AEA4B3714B41E931F");
			hasScannedForEncodings = 1;
			isa = PBXProject;
			mainGroup = "05596AB53D8D521C69802C27";
			buildConfigurationList = "2A951308CDB28F104D0A4BD2";
			projectDirPath = "";
			targets = (
				"B1E56B9E0881E5027F4AEEAF");
		};
	};
	rootObject = "91B15E841AA80083484172DE";
}
